// !$*UTF8*$!
{
	archiveVersion = 1;
	classes = {
	};
	objectVersion = 50;
	objects = {

/* Begin PBXBuildFile section */
		242C32FC23B88EFB007314D3 /* SCNMatrix4+Tests.swift in Sources */ = {isa = PBXBuildFile; fileRef = 242C32FB23B88EFB007314D3 /* SCNMatrix4+Tests.swift */; };
		242C32FE23B89476007314D3 /* Helpers.swift in Sources */ = {isa = PBXBuildFile; fileRef = 242C32FD23B89476007314D3 /* Helpers.swift */; };
		242C330023B89715007314D3 /* SceneKit+Tests.swift in Sources */ = {isa = PBXBuildFile; fileRef = 242C32FF23B89715007314D3 /* SceneKit+Tests.swift */; };
		2457259C2146EF99003AA5D7 /* VRMSceneKit.framework in Frameworks */ = {isa = PBXBuildFile; fileRef = 245725932146EF99003AA5D7 /* VRMSceneKit.framework */; };
		245725A12146EF99003AA5D7 /* VRMSceneKitTests.swift in Sources */ = {isa = PBXBuildFile; fileRef = 245725A02146EF99003AA5D7 /* VRMSceneKitTests.swift */; };
		245725A32146EF99003AA5D7 /* VRMSceneKit.h in Headers */ = {isa = PBXBuildFile; fileRef = 245725952146EF99003AA5D7 /* VRMSceneKit.h */; settings = {ATTRIBUTES = (Public, ); }; };
		245725AC2146F059003AA5D7 /* AliciaSolid.vrm in Resources */ = {isa = PBXBuildFile; fileRef = 24CF7FD121442111007A5C6C /* AliciaSolid.vrm */; };
		245725AE2146F09C003AA5D7 /* VRMKit.framework in Frameworks */ = {isa = PBXBuildFile; fileRef = 24CF7F7B2143EEDB007A5C6C /* VRMKit.framework */; };
		245725B02146F0BC003AA5D7 /* VRMSceneLoader.swift in Sources */ = {isa = PBXBuildFile; fileRef = 245725AF2146F0BC003AA5D7 /* VRMSceneLoader.swift */; };
		245725B22146F0F2003AA5D7 /* SceneData.swift in Sources */ = {isa = PBXBuildFile; fileRef = 245725B12146F0F2003AA5D7 /* SceneData.swift */; };
		245725B82146F165003AA5D7 /* GLTF2SCN.swift in Sources */ = {isa = PBXBuildFile; fileRef = 245725B72146F165003AA5D7 /* GLTF2SCN.swift */; };
		245725BA2146F185003AA5D7 /* SCNCamera+GLTF.swift in Sources */ = {isa = PBXBuildFile; fileRef = 245725B92146F185003AA5D7 /* SCNCamera+GLTF.swift */; };
		245725BC2146F19D003AA5D7 /* UIImage+GLTF.swift in Sources */ = {isa = PBXBuildFile; fileRef = 245725BB2146F19D003AA5D7 /* UIImage+GLTF.swift */; };
		245725BE2146F1BB003AA5D7 /* SCNMaterialProperty+GLTF.swift in Sources */ = {isa = PBXBuildFile; fileRef = 245725BD2146F1BB003AA5D7 /* SCNMaterialProperty+GLTF.swift */; };
		245725C02146F1D7003AA5D7 /* SCNMaterial+GLTF.swift in Sources */ = {isa = PBXBuildFile; fileRef = 245725BF2146F1D7003AA5D7 /* SCNMaterial+GLTF.swift */; };
		245725C22146F1EE003AA5D7 /* Data+GLTF.swift in Sources */ = {isa = PBXBuildFile; fileRef = 245725C12146F1EE003AA5D7 /* Data+GLTF.swift */; };
		245725C42146F207003AA5D7 /* SCNGeometryElement+GLTF.swift in Sources */ = {isa = PBXBuildFile; fileRef = 245725C32146F207003AA5D7 /* SCNGeometryElement+GLTF.swift */; };
		245725C62146F224003AA5D7 /* SCNGeometrySource+GLTF.swift in Sources */ = {isa = PBXBuildFile; fileRef = 245725C52146F224003AA5D7 /* SCNGeometrySource+GLTF.swift */; };
		245725C82146F240003AA5D7 /* SCNNode+GLTF.swift in Sources */ = {isa = PBXBuildFile; fileRef = 245725C72146F240003AA5D7 /* SCNNode+GLTF.swift */; };
		245725CC2146F28B003AA5D7 /* GlobalFunction.swift in Sources */ = {isa = PBXBuildFile; fileRef = 245725CB2146F28B003AA5D7 /* GlobalFunction.swift */; };
		245725CE2146F2B4003AA5D7 /* SceneKit+.swift in Sources */ = {isa = PBXBuildFile; fileRef = 245725CD2146F2B4003AA5D7 /* SceneKit+.swift */; };
		245725D22146F323003AA5D7 /* Collection+.swift in Sources */ = {isa = PBXBuildFile; fileRef = 245725D12146F323003AA5D7 /* Collection+.swift */; };
		245725DA2146F47A003AA5D7 /* AppDelegate.swift in Sources */ = {isa = PBXBuildFile; fileRef = 245725D92146F47A003AA5D7 /* AppDelegate.swift */; };
		245725DC2146F47A003AA5D7 /* ViewController.swift in Sources */ = {isa = PBXBuildFile; fileRef = 245725DB2146F47A003AA5D7 /* ViewController.swift */; };
		245725DF2146F47B003AA5D7 /* Main.storyboard in Resources */ = {isa = PBXBuildFile; fileRef = 245725DD2146F47B003AA5D7 /* Main.storyboard */; };
		245725E12146F47D003AA5D7 /* Assets.xcassets in Resources */ = {isa = PBXBuildFile; fileRef = 245725E02146F47D003AA5D7 /* Assets.xcassets */; };
		245725E42146F47D003AA5D7 /* LaunchScreen.storyboard in Resources */ = {isa = PBXBuildFile; fileRef = 245725E22146F47D003AA5D7 /* LaunchScreen.storyboard */; };
		245725E92146F496003AA5D7 /* VRMKit.framework in Frameworks */ = {isa = PBXBuildFile; fileRef = 24CF7F7B2143EEDB007A5C6C /* VRMKit.framework */; };
		245725EA2146F496003AA5D7 /* VRMKit.framework in Embed Frameworks */ = {isa = PBXBuildFile; fileRef = 24CF7F7B2143EEDB007A5C6C /* VRMKit.framework */; settings = {ATTRIBUTES = (CodeSignOnCopy, RemoveHeadersOnCopy, ); }; };
		245725ED2146F496003AA5D7 /* VRMSceneKit.framework in Frameworks */ = {isa = PBXBuildFile; fileRef = 245725932146EF99003AA5D7 /* VRMSceneKit.framework */; };
		245725EE2146F496003AA5D7 /* VRMSceneKit.framework in Embed Frameworks */ = {isa = PBXBuildFile; fileRef = 245725932146EF99003AA5D7 /* VRMSceneKit.framework */; settings = {ATTRIBUTES = (CodeSignOnCopy, RemoveHeadersOnCopy, ); }; };
		245725F22146F4E3003AA5D7 /* AliciaSolid.vrm in Resources */ = {isa = PBXBuildFile; fileRef = 24CF7FD121442111007A5C6C /* AliciaSolid.vrm */; };
		245725F42146F5E6003AA5D7 /* VRMLoader.swift in Sources */ = {isa = PBXBuildFile; fileRef = 245725F32146F5E6003AA5D7 /* VRMLoader.swift */; };
		245725F72146FAC1003AA5D7 /* VRMSceneLoader+convenience.swift in Sources */ = {isa = PBXBuildFile; fileRef = 245725F52146FABE003AA5D7 /* VRMSceneLoader+convenience.swift */; };
		245725F921481887003AA5D7 /* VRMError+.swift in Sources */ = {isa = PBXBuildFile; fileRef = 245725F821481886003AA5D7 /* VRMError+.swift */; };
		245725FB21481FF9003AA5D7 /* GLTF+.swift in Sources */ = {isa = PBXBuildFile; fileRef = 245725FA21481FF9003AA5D7 /* GLTF+.swift */; };
		247DCEE4220FF95D00E4C87F /* BlendShape.swift in Sources */ = {isa = PBXBuildFile; fileRef = 247DCEE3220FF95D00E4C87F /* BlendShape.swift */; };
		247DCF3422108FE300E4C87F /* Humanoid.swift in Sources */ = {isa = PBXBuildFile; fileRef = 247DCF3322108FE300E4C87F /* Humanoid.swift */; };
		247DCF36221096A600E4C87F /* InverseBindMatrix+GLTF.swift in Sources */ = {isa = PBXBuildFile; fileRef = 247DCF35221096A600E4C87F /* InverseBindMatrix+GLTF.swift */; };
		247DCF382210A1F100E4C87F /* SCNSkinner+GLTF.swift in Sources */ = {isa = PBXBuildFile; fileRef = 247DCF372210A1F100E4C87F /* SCNSkinner+GLTF.swift */; };
		247DCF4F22115FA000E4C87F /* VRMNode.swift in Sources */ = {isa = PBXBuildFile; fileRef = 247DCF4E22115FA000E4C87F /* VRMNode.swift */; };
		247DCF51221160E600E4C87F /* VRMScene.swift in Sources */ = {isa = PBXBuildFile; fileRef = 247DCF50221160E600E4C87F /* VRMScene.swift */; };
		248D3AA6220EBAE200D50019 /* SCNMorpher+GLTF.swift in Sources */ = {isa = PBXBuildFile; fileRef = 248D3AA4220EBADC00D50019 /* SCNMorpher+GLTF.swift */; };
		24CF7F852143EEDB007A5C6C /* VRMKit.framework in Frameworks */ = {isa = PBXBuildFile; fileRef = 24CF7F7B2143EEDB007A5C6C /* VRMKit.framework */; };
		24CF7F8A2143EEDB007A5C6C /* VRMKitTests.swift in Sources */ = {isa = PBXBuildFile; fileRef = 24CF7F892143EEDB007A5C6C /* VRMKitTests.swift */; };
		24CF7F8C2143EEDB007A5C6C /* VRMKit.h in Headers */ = {isa = PBXBuildFile; fileRef = 24CF7F7E2143EEDB007A5C6C /* VRMKit.h */; settings = {ATTRIBUTES = (Public, ); }; };
		24CF7F972143F0A8007A5C6C /* CodableAny.swift in Sources */ = {isa = PBXBuildFile; fileRef = 24CF7F962143F0A8007A5C6C /* CodableAny.swift */; };
		24CF7F9B21440488007A5C6C /* Color4.swift in Sources */ = {isa = PBXBuildFile; fileRef = 24CF7F9A21440488007A5C6C /* Color4.swift */; };
		24CF7F9D2144055A007A5C6C /* Color4Tests.swift in Sources */ = {isa = PBXBuildFile; fileRef = 24CF7F9C2144055A007A5C6C /* Color4Tests.swift */; };
		24CF7F9F2144088A007A5C6C /* GLTF.swift in Sources */ = {isa = PBXBuildFile; fileRef = 24CF7F9E2144088A007A5C6C /* GLTF.swift */; };
		24CF7FA121440D7E007A5C6C /* Vector3.swift in Sources */ = {isa = PBXBuildFile; fileRef = 24CF7FA021440D7E007A5C6C /* Vector3.swift */; };
		24CF7FA321440D9A007A5C6C /* Vector4.swift in Sources */ = {isa = PBXBuildFile; fileRef = 24CF7FA221440D9A007A5C6C /* Vector4.swift */; };
		24CF7FA5214410B4007A5C6C /* Matrix.swift in Sources */ = {isa = PBXBuildFile; fileRef = 24CF7FA4214410B4007A5C6C /* Matrix.swift */; };
		24CF7FA721441238007A5C6C /* Camera.swift in Sources */ = {isa = PBXBuildFile; fileRef = 24CF7FA621441238007A5C6C /* Camera.swift */; };
		24CF7FA921441253007A5C6C /* Image.swift in Sources */ = {isa = PBXBuildFile; fileRef = 24CF7FA821441253007A5C6C /* Image.swift */; };
		24CF7FAB21441276007A5C6C /* Scene.swift in Sources */ = {isa = PBXBuildFile; fileRef = 24CF7FAA21441276007A5C6C /* Scene.swift */; };
		24CF7FAD21441288007A5C6C /* Skin.swift in Sources */ = {isa = PBXBuildFile; fileRef = 24CF7FAC21441288007A5C6C /* Skin.swift */; };
		24CF7FAF2144129B007A5C6C /* Texture.swift in Sources */ = {isa = PBXBuildFile; fileRef = 24CF7FAE2144129B007A5C6C /* Texture.swift */; };
		24CF7FB1214412CD007A5C6C /* Node.swift in Sources */ = {isa = PBXBuildFile; fileRef = 24CF7FB0214412CD007A5C6C /* Node.swift */; };
		24CF7FB3214419B0007A5C6C /* Mesh.swift in Sources */ = {isa = PBXBuildFile; fileRef = 24CF7FB2214419B0007A5C6C /* Mesh.swift */; };
		24CF7FB621441B00007A5C6C /* CodableDictionary.swift in Sources */ = {isa = PBXBuildFile; fileRef = 24CF7FB521441B00007A5C6C /* CodableDictionary.swift */; };
		24CF7FB821441B89007A5C6C /* Material.swift in Sources */ = {isa = PBXBuildFile; fileRef = 24CF7FB721441B89007A5C6C /* Material.swift */; };
		24CF7FBA21441BCA007A5C6C /* TextureInfo.swift in Sources */ = {isa = PBXBuildFile; fileRef = 24CF7FB921441BCA007A5C6C /* TextureInfo.swift */; };
		24CF7FBC21441C64007A5C6C /* Color3.swift in Sources */ = {isa = PBXBuildFile; fileRef = 24CF7FBB21441C64007A5C6C /* Color3.swift */; };
		24CF7FBE21441D73007A5C6C /* BufferView.swift in Sources */ = {isa = PBXBuildFile; fileRef = 24CF7FBD21441D73007A5C6C /* BufferView.swift */; };
		24CF7FC021441D89007A5C6C /* Buffer.swift in Sources */ = {isa = PBXBuildFile; fileRef = 24CF7FBF21441D89007A5C6C /* Buffer.swift */; };
		24CF7FC221441DAE007A5C6C /* Asset.swift in Sources */ = {isa = PBXBuildFile; fileRef = 24CF7FC121441DAE007A5C6C /* Asset.swift */; };
		24CF7FC421441DCE007A5C6C /* Animation.swift in Sources */ = {isa = PBXBuildFile; fileRef = 24CF7FC321441DCE007A5C6C /* Animation.swift */; };
		24CF7FC621441DFD007A5C6C /* Accessor.swift in Sources */ = {isa = PBXBuildFile; fileRef = 24CF7FC521441DFD007A5C6C /* Accessor.swift */; };
		24CF7FC821441E6F007A5C6C /* Sampler.swift in Sources */ = {isa = PBXBuildFile; fileRef = 24CF7FC721441E6F007A5C6C /* Sampler.swift */; };
		24CF7FCA21441F6E007A5C6C /* BinaryGLTF.swift in Sources */ = {isa = PBXBuildFile; fileRef = 24CF7FC921441F6E007A5C6C /* BinaryGLTF.swift */; };
		24CF7FCC21441FD8007A5C6C /* GlobalFunction.swift in Sources */ = {isa = PBXBuildFile; fileRef = 24CF7FCB21441FD8007A5C6C /* GlobalFunction.swift */; };
		24CF7FCE21442010007A5C6C /* VRMError.swift in Sources */ = {isa = PBXBuildFile; fileRef = 24CF7FCD21442010007A5C6C /* VRMError.swift */; };
		24CF7FD0214420AA007A5C6C /* BinaryGLTFTests.swift in Sources */ = {isa = PBXBuildFile; fileRef = 24CF7FCF214420AA007A5C6C /* BinaryGLTFTests.swift */; };
		24CF7FD221442111007A5C6C /* AliciaSolid.vrm in Resources */ = {isa = PBXBuildFile; fileRef = 24CF7FD121442111007A5C6C /* AliciaSolid.vrm */; };
		24CF7FD521442444007A5C6C /* Resources.swift in Sources */ = {isa = PBXBuildFile; fileRef = 24CF7FD421442444007A5C6C /* Resources.swift */; };
		24CF7FD7214425AD007A5C6C /* VRM.swift in Sources */ = {isa = PBXBuildFile; fileRef = 24CF7FD6214425AD007A5C6C /* VRM.swift */; };
		24CF7FDB21442EE5007A5C6C /* DictionaryDecoder.swift in Sources */ = {isa = PBXBuildFile; fileRef = 24CF7FDA21442EE5007A5C6C /* DictionaryDecoder.swift */; };
		24CF7FDE2144300F007A5C6C /* Storage.swift in Sources */ = {isa = PBXBuildFile; fileRef = 24CF7FDD2144300F007A5C6C /* Storage.swift */; };
		24CF7FE02144306A007A5C6C /* InternalFunction.swift in Sources */ = {isa = PBXBuildFile; fileRef = 24CF7FDF2144306A007A5C6C /* InternalFunction.swift */; };
		24CF7FE221443087007A5C6C /* AnyCodingKey.swift in Sources */ = {isa = PBXBuildFile; fileRef = 24CF7FE121443087007A5C6C /* AnyCodingKey.swift */; };
		24EE14952215CE1F00A14305 /* VRMExtension.swift in Sources */ = {isa = PBXBuildFile; fileRef = 24EE14942215CE1F00A14305 /* VRMExtension.swift */; };
		3719EF3923B7E3CA00BA5067 /* RenderUpdatable.swift in Sources */ = {isa = PBXBuildFile; fileRef = 3719EF3823B7E3CA00BA5067 /* RenderUpdatable.swift */; };
		3719EF3C23B7E55300BA5067 /* Timer.swift in Sources */ = {isa = PBXBuildFile; fileRef = 3719EF3B23B7E55300BA5067 /* Timer.swift */; };
		3733358423F898D400EC746D /* simd+.swift in Sources */ = {isa = PBXBuildFile; fileRef = 3733358323F898D400EC746D /* simd+.swift */; };
		3755420423B74D8B00D81B4D /* SCNNode+UnityTransform.swift in Sources */ = {isa = PBXBuildFile; fileRef = 3755420323B74D8B00D81B4D /* SCNNode+UnityTransform.swift */; };
		37DD503623AD513200A4CEFF /* VRMSpringBoneColliderGroup.swift in Sources */ = {isa = PBXBuildFile; fileRef = 37DD503223AD4D3C00A4CEFF /* VRMSpringBoneColliderGroup.swift */; };
		37DD503723AD515E00A4CEFF /* SCNVector3+.swift in Sources */ = {isa = PBXBuildFile; fileRef = 37DD503423AD4FE700A4CEFF /* SCNVector3+.swift */; };
		37DD503923AD535E00A4CEFF /* VRMSpringBone.swift in Sources */ = {isa = PBXBuildFile; fileRef = 37DD503823AD535E00A4CEFF /* VRMSpringBone.swift */; };
/* End PBXBuildFile section */

/* Begin PBXContainerItemProxy section */
		2457259D2146EF99003AA5D7 /* PBXContainerItemProxy */ = {
			isa = PBXContainerItemProxy;
			containerPortal = 24CF7F722143EEDB007A5C6C /* Project object */;
			proxyType = 1;
			remoteGlobalIDString = 245725922146EF99003AA5D7;
			remoteInfo = VRMSceneKit;
		};
		245725EB2146F496003AA5D7 /* PBXContainerItemProxy */ = {
			isa = PBXContainerItemProxy;
			containerPortal = 24CF7F722143EEDB007A5C6C /* Project object */;
			proxyType = 1;
			remoteGlobalIDString = 24CF7F7A2143EEDB007A5C6C;
			remoteInfo = VRMKit;
		};
		245725EF2146F496003AA5D7 /* PBXContainerItemProxy */ = {
			isa = PBXContainerItemProxy;
			containerPortal = 24CF7F722143EEDB007A5C6C /* Project object */;
			proxyType = 1;
			remoteGlobalIDString = 245725922146EF99003AA5D7;
			remoteInfo = VRMSceneKit;
		};
		24CF7F862143EEDB007A5C6C /* PBXContainerItemProxy */ = {
			isa = PBXContainerItemProxy;
			containerPortal = 24CF7F722143EEDB007A5C6C /* Project object */;
			proxyType = 1;
			remoteGlobalIDString = 24CF7F7A2143EEDB007A5C6C;
			remoteInfo = VRMKit;
		};
/* End PBXContainerItemProxy section */

/* Begin PBXCopyFilesBuildPhase section */
		245725F12146F496003AA5D7 /* Embed Frameworks */ = {
			isa = PBXCopyFilesBuildPhase;
			buildActionMask = 2147483647;
			dstPath = "";
			dstSubfolderSpec = 10;
			files = (
				245725EE2146F496003AA5D7 /* VRMSceneKit.framework in Embed Frameworks */,
				245725EA2146F496003AA5D7 /* VRMKit.framework in Embed Frameworks */,
			);
			name = "Embed Frameworks";
			runOnlyForDeploymentPostprocessing = 0;
		};
/* End PBXCopyFilesBuildPhase section */

/* Begin PBXFileReference section */
		242C32FB23B88EFB007314D3 /* SCNMatrix4+Tests.swift */ = {isa = PBXFileReference; lastKnownFileType = sourcecode.swift; path = "SCNMatrix4+Tests.swift"; sourceTree = "<group>"; };
		242C32FD23B89476007314D3 /* Helpers.swift */ = {isa = PBXFileReference; lastKnownFileType = sourcecode.swift; path = Helpers.swift; sourceTree = "<group>"; };
		242C32FF23B89715007314D3 /* SceneKit+Tests.swift */ = {isa = PBXFileReference; lastKnownFileType = sourcecode.swift; path = "SceneKit+Tests.swift"; sourceTree = "<group>"; };
		245725932146EF99003AA5D7 /* VRMSceneKit.framework */ = {isa = PBXFileReference; explicitFileType = wrapper.framework; includeInIndex = 0; path = VRMSceneKit.framework; sourceTree = BUILT_PRODUCTS_DIR; };
		245725952146EF99003AA5D7 /* VRMSceneKit.h */ = {isa = PBXFileReference; lastKnownFileType = sourcecode.c.h; path = VRMSceneKit.h; sourceTree = "<group>"; };
		245725962146EF99003AA5D7 /* Info.plist */ = {isa = PBXFileReference; lastKnownFileType = text.plist.xml; path = Info.plist; sourceTree = "<group>"; };
		2457259B2146EF99003AA5D7 /* VRMSceneKitTests.xctest */ = {isa = PBXFileReference; explicitFileType = wrapper.cfbundle; includeInIndex = 0; path = VRMSceneKitTests.xctest; sourceTree = BUILT_PRODUCTS_DIR; };
		245725A02146EF99003AA5D7 /* VRMSceneKitTests.swift */ = {isa = PBXFileReference; lastKnownFileType = sourcecode.swift; path = VRMSceneKitTests.swift; sourceTree = "<group>"; };
		245725A22146EF99003AA5D7 /* Info.plist */ = {isa = PBXFileReference; lastKnownFileType = text.plist.xml; path = Info.plist; sourceTree = "<group>"; };
		245725AF2146F0BC003AA5D7 /* VRMSceneLoader.swift */ = {isa = PBXFileReference; lastKnownFileType = sourcecode.swift; path = VRMSceneLoader.swift; sourceTree = "<group>"; };
		245725B12146F0F2003AA5D7 /* SceneData.swift */ = {isa = PBXFileReference; lastKnownFileType = sourcecode.swift; path = SceneData.swift; sourceTree = "<group>"; };
		245725B72146F165003AA5D7 /* GLTF2SCN.swift */ = {isa = PBXFileReference; lastKnownFileType = sourcecode.swift; path = GLTF2SCN.swift; sourceTree = "<group>"; };
		245725B92146F185003AA5D7 /* SCNCamera+GLTF.swift */ = {isa = PBXFileReference; lastKnownFileType = sourcecode.swift; path = "SCNCamera+GLTF.swift"; sourceTree = "<group>"; };
		245725BB2146F19D003AA5D7 /* UIImage+GLTF.swift */ = {isa = PBXFileReference; lastKnownFileType = sourcecode.swift; path = "UIImage+GLTF.swift"; sourceTree = "<group>"; };
		245725BD2146F1BB003AA5D7 /* SCNMaterialProperty+GLTF.swift */ = {isa = PBXFileReference; lastKnownFileType = sourcecode.swift; path = "SCNMaterialProperty+GLTF.swift"; sourceTree = "<group>"; };
		245725BF2146F1D7003AA5D7 /* SCNMaterial+GLTF.swift */ = {isa = PBXFileReference; lastKnownFileType = sourcecode.swift; path = "SCNMaterial+GLTF.swift"; sourceTree = "<group>"; };
		245725C12146F1EE003AA5D7 /* Data+GLTF.swift */ = {isa = PBXFileReference; lastKnownFileType = sourcecode.swift; path = "Data+GLTF.swift"; sourceTree = "<group>"; };
		245725C32146F207003AA5D7 /* SCNGeometryElement+GLTF.swift */ = {isa = PBXFileReference; lastKnownFileType = sourcecode.swift; path = "SCNGeometryElement+GLTF.swift"; sourceTree = "<group>"; };
		245725C52146F224003AA5D7 /* SCNGeometrySource+GLTF.swift */ = {isa = PBXFileReference; lastKnownFileType = sourcecode.swift; path = "SCNGeometrySource+GLTF.swift"; sourceTree = "<group>"; };
		245725C72146F240003AA5D7 /* SCNNode+GLTF.swift */ = {isa = PBXFileReference; lastKnownFileType = sourcecode.swift; path = "SCNNode+GLTF.swift"; sourceTree = "<group>"; };
		245725CB2146F28B003AA5D7 /* GlobalFunction.swift */ = {isa = PBXFileReference; lastKnownFileType = sourcecode.swift; path = GlobalFunction.swift; sourceTree = "<group>"; };
		245725CD2146F2B4003AA5D7 /* SceneKit+.swift */ = {isa = PBXFileReference; lastKnownFileType = sourcecode.swift; path = "SceneKit+.swift"; sourceTree = "<group>"; };
		245725D12146F323003AA5D7 /* Collection+.swift */ = {isa = PBXFileReference; lastKnownFileType = sourcecode.swift; path = "Collection+.swift"; sourceTree = "<group>"; };
		245725D72146F47A003AA5D7 /* VRMExample.app */ = {isa = PBXFileReference; explicitFileType = wrapper.application; includeInIndex = 0; path = VRMExample.app; sourceTree = BUILT_PRODUCTS_DIR; };
		245725D92146F47A003AA5D7 /* AppDelegate.swift */ = {isa = PBXFileReference; lastKnownFileType = sourcecode.swift; path = AppDelegate.swift; sourceTree = "<group>"; };
		245725DB2146F47A003AA5D7 /* ViewController.swift */ = {isa = PBXFileReference; lastKnownFileType = sourcecode.swift; path = ViewController.swift; sourceTree = "<group>"; };
		245725DE2146F47B003AA5D7 /* Base */ = {isa = PBXFileReference; lastKnownFileType = file.storyboard; name = Base; path = Base.lproj/Main.storyboard; sourceTree = "<group>"; };
		245725E02146F47D003AA5D7 /* Assets.xcassets */ = {isa = PBXFileReference; lastKnownFileType = folder.assetcatalog; path = Assets.xcassets; sourceTree = "<group>"; };
		245725E32146F47D003AA5D7 /* Base */ = {isa = PBXFileReference; lastKnownFileType = file.storyboard; name = Base; path = Base.lproj/LaunchScreen.storyboard; sourceTree = "<group>"; };
		245725E52146F47D003AA5D7 /* Info.plist */ = {isa = PBXFileReference; lastKnownFileType = text.plist.xml; path = Info.plist; sourceTree = "<group>"; };
		245725F32146F5E6003AA5D7 /* VRMLoader.swift */ = {isa = PBXFileReference; lastKnownFileType = sourcecode.swift; path = VRMLoader.swift; sourceTree = "<group>"; };
		245725F52146FABE003AA5D7 /* VRMSceneLoader+convenience.swift */ = {isa = PBXFileReference; lastKnownFileType = sourcecode.swift; path = "VRMSceneLoader+convenience.swift"; sourceTree = "<group>"; };
		245725F821481886003AA5D7 /* VRMError+.swift */ = {isa = PBXFileReference; lastKnownFileType = sourcecode.swift; path = "VRMError+.swift"; sourceTree = "<group>"; };
		245725FA21481FF9003AA5D7 /* GLTF+.swift */ = {isa = PBXFileReference; lastKnownFileType = sourcecode.swift; path = "GLTF+.swift"; sourceTree = "<group>"; };
		247DCEE3220FF95D00E4C87F /* BlendShape.swift */ = {isa = PBXFileReference; lastKnownFileType = sourcecode.swift; path = BlendShape.swift; sourceTree = "<group>"; };
		247DCF3322108FE300E4C87F /* Humanoid.swift */ = {isa = PBXFileReference; lastKnownFileType = sourcecode.swift; path = Humanoid.swift; sourceTree = "<group>"; };
		247DCF35221096A600E4C87F /* InverseBindMatrix+GLTF.swift */ = {isa = PBXFileReference; lastKnownFileType = sourcecode.swift; path = "InverseBindMatrix+GLTF.swift"; sourceTree = "<group>"; };
		247DCF372210A1F100E4C87F /* SCNSkinner+GLTF.swift */ = {isa = PBXFileReference; lastKnownFileType = sourcecode.swift; path = "SCNSkinner+GLTF.swift"; sourceTree = "<group>"; };
		247DCF4E22115FA000E4C87F /* VRMNode.swift */ = {isa = PBXFileReference; lastKnownFileType = sourcecode.swift; path = VRMNode.swift; sourceTree = "<group>"; };
		247DCF50221160E600E4C87F /* VRMScene.swift */ = {isa = PBXFileReference; lastKnownFileType = sourcecode.swift; path = VRMScene.swift; sourceTree = "<group>"; };
		248D3AA4220EBADC00D50019 /* SCNMorpher+GLTF.swift */ = {isa = PBXFileReference; lastKnownFileType = sourcecode.swift; path = "SCNMorpher+GLTF.swift"; sourceTree = "<group>"; };
		24CF7F7B2143EEDB007A5C6C /* VRMKit.framework */ = {isa = PBXFileReference; explicitFileType = wrapper.framework; includeInIndex = 0; path = VRMKit.framework; sourceTree = BUILT_PRODUCTS_DIR; };
		24CF7F7E2143EEDB007A5C6C /* VRMKit.h */ = {isa = PBXFileReference; lastKnownFileType = sourcecode.c.h; path = VRMKit.h; sourceTree = "<group>"; };
		24CF7F7F2143EEDB007A5C6C /* Info.plist */ = {isa = PBXFileReference; lastKnownFileType = text.plist.xml; path = Info.plist; sourceTree = "<group>"; };
		24CF7F842143EEDB007A5C6C /* VRMKitTests.xctest */ = {isa = PBXFileReference; explicitFileType = wrapper.cfbundle; includeInIndex = 0; path = VRMKitTests.xctest; sourceTree = BUILT_PRODUCTS_DIR; };
		24CF7F892143EEDB007A5C6C /* VRMKitTests.swift */ = {isa = PBXFileReference; lastKnownFileType = sourcecode.swift; path = VRMKitTests.swift; sourceTree = "<group>"; };
		24CF7F8B2143EEDB007A5C6C /* Info.plist */ = {isa = PBXFileReference; lastKnownFileType = text.plist.xml; path = Info.plist; sourceTree = "<group>"; };
		24CF7F962143F0A8007A5C6C /* CodableAny.swift */ = {isa = PBXFileReference; lastKnownFileType = sourcecode.swift; path = CodableAny.swift; sourceTree = "<group>"; };
		24CF7F9A21440488007A5C6C /* Color4.swift */ = {isa = PBXFileReference; lastKnownFileType = sourcecode.swift; path = Color4.swift; sourceTree = "<group>"; };
		24CF7F9C2144055A007A5C6C /* Color4Tests.swift */ = {isa = PBXFileReference; lastKnownFileType = sourcecode.swift; path = Color4Tests.swift; sourceTree = "<group>"; };
		24CF7F9E2144088A007A5C6C /* GLTF.swift */ = {isa = PBXFileReference; lastKnownFileType = sourcecode.swift; path = GLTF.swift; sourceTree = "<group>"; };
		24CF7FA021440D7E007A5C6C /* Vector3.swift */ = {isa = PBXFileReference; lastKnownFileType = sourcecode.swift; path = Vector3.swift; sourceTree = "<group>"; };
		24CF7FA221440D9A007A5C6C /* Vector4.swift */ = {isa = PBXFileReference; lastKnownFileType = sourcecode.swift; path = Vector4.swift; sourceTree = "<group>"; };
		24CF7FA4214410B4007A5C6C /* Matrix.swift */ = {isa = PBXFileReference; lastKnownFileType = sourcecode.swift; path = Matrix.swift; sourceTree = "<group>"; };
		24CF7FA621441238007A5C6C /* Camera.swift */ = {isa = PBXFileReference; lastKnownFileType = sourcecode.swift; path = Camera.swift; sourceTree = "<group>"; };
		24CF7FA821441253007A5C6C /* Image.swift */ = {isa = PBXFileReference; lastKnownFileType = sourcecode.swift; path = Image.swift; sourceTree = "<group>"; };
		24CF7FAA21441276007A5C6C /* Scene.swift */ = {isa = PBXFileReference; lastKnownFileType = sourcecode.swift; path = Scene.swift; sourceTree = "<group>"; };
		24CF7FAC21441288007A5C6C /* Skin.swift */ = {isa = PBXFileReference; lastKnownFileType = sourcecode.swift; path = Skin.swift; sourceTree = "<group>"; };
		24CF7FAE2144129B007A5C6C /* Texture.swift */ = {isa = PBXFileReference; lastKnownFileType = sourcecode.swift; path = Texture.swift; sourceTree = "<group>"; };
		24CF7FB0214412CD007A5C6C /* Node.swift */ = {isa = PBXFileReference; lastKnownFileType = sourcecode.swift; path = Node.swift; sourceTree = "<group>"; };
		24CF7FB2214419B0007A5C6C /* Mesh.swift */ = {isa = PBXFileReference; lastKnownFileType = sourcecode.swift; path = Mesh.swift; sourceTree = "<group>"; };
		24CF7FB521441B00007A5C6C /* CodableDictionary.swift */ = {isa = PBXFileReference; lastKnownFileType = sourcecode.swift; path = CodableDictionary.swift; sourceTree = "<group>"; };
		24CF7FB721441B89007A5C6C /* Material.swift */ = {isa = PBXFileReference; lastKnownFileType = sourcecode.swift; path = Material.swift; sourceTree = "<group>"; };
		24CF7FB921441BCA007A5C6C /* TextureInfo.swift */ = {isa = PBXFileReference; lastKnownFileType = sourcecode.swift; path = TextureInfo.swift; sourceTree = "<group>"; };
		24CF7FBB21441C64007A5C6C /* Color3.swift */ = {isa = PBXFileReference; lastKnownFileType = sourcecode.swift; path = Color3.swift; sourceTree = "<group>"; };
		24CF7FBD21441D73007A5C6C /* BufferView.swift */ = {isa = PBXFileReference; lastKnownFileType = sourcecode.swift; path = BufferView.swift; sourceTree = "<group>"; };
		24CF7FBF21441D89007A5C6C /* Buffer.swift */ = {isa = PBXFileReference; lastKnownFileType = sourcecode.swift; path = Buffer.swift; sourceTree = "<group>"; };
		24CF7FC121441DAE007A5C6C /* Asset.swift */ = {isa = PBXFileReference; lastKnownFileType = sourcecode.swift; path = Asset.swift; sourceTree = "<group>"; };
		24CF7FC321441DCE007A5C6C /* Animation.swift */ = {isa = PBXFileReference; lastKnownFileType = sourcecode.swift; path = Animation.swift; sourceTree = "<group>"; };
		24CF7FC521441DFD007A5C6C /* Accessor.swift */ = {isa = PBXFileReference; lastKnownFileType = sourcecode.swift; path = Accessor.swift; sourceTree = "<group>"; };
		24CF7FC721441E6F007A5C6C /* Sampler.swift */ = {isa = PBXFileReference; lastKnownFileType = sourcecode.swift; path = Sampler.swift; sourceTree = "<group>"; };
		24CF7FC921441F6E007A5C6C /* BinaryGLTF.swift */ = {isa = PBXFileReference; lastKnownFileType = sourcecode.swift; path = BinaryGLTF.swift; sourceTree = "<group>"; };
		24CF7FCB21441FD8007A5C6C /* GlobalFunction.swift */ = {isa = PBXFileReference; lastKnownFileType = sourcecode.swift; path = GlobalFunction.swift; sourceTree = "<group>"; };
		24CF7FCD21442010007A5C6C /* VRMError.swift */ = {isa = PBXFileReference; lastKnownFileType = sourcecode.swift; path = VRMError.swift; sourceTree = "<group>"; };
		24CF7FCF214420AA007A5C6C /* BinaryGLTFTests.swift */ = {isa = PBXFileReference; lastKnownFileType = sourcecode.swift; path = BinaryGLTFTests.swift; sourceTree = "<group>"; };
		24CF7FD121442111007A5C6C /* AliciaSolid.vrm */ = {isa = PBXFileReference; lastKnownFileType = file; path = AliciaSolid.vrm; sourceTree = "<group>"; };
		24CF7FD421442444007A5C6C /* Resources.swift */ = {isa = PBXFileReference; lastKnownFileType = sourcecode.swift; path = Resources.swift; sourceTree = "<group>"; };
		24CF7FD6214425AD007A5C6C /* VRM.swift */ = {isa = PBXFileReference; lastKnownFileType = sourcecode.swift; path = VRM.swift; sourceTree = "<group>"; };
		24CF7FDA21442EE5007A5C6C /* DictionaryDecoder.swift */ = {isa = PBXFileReference; lastKnownFileType = sourcecode.swift; path = DictionaryDecoder.swift; sourceTree = "<group>"; };
		24CF7FDD2144300F007A5C6C /* Storage.swift */ = {isa = PBXFileReference; lastKnownFileType = sourcecode.swift; path = Storage.swift; sourceTree = "<group>"; };
		24CF7FDF2144306A007A5C6C /* InternalFunction.swift */ = {isa = PBXFileReference; lastKnownFileType = sourcecode.swift; path = InternalFunction.swift; sourceTree = "<group>"; };
		24CF7FE121443087007A5C6C /* AnyCodingKey.swift */ = {isa = PBXFileReference; lastKnownFileType = sourcecode.swift; path = AnyCodingKey.swift; sourceTree = "<group>"; };
		24CF7FEB21451253007A5C6C /* LICENSE */ = {isa = PBXFileReference; fileEncoding = 4; lastKnownFileType = text; path = LICENSE; sourceTree = "<group>"; };
		24EE14942215CE1F00A14305 /* VRMExtension.swift */ = {isa = PBXFileReference; lastKnownFileType = sourcecode.swift; path = VRMExtension.swift; sourceTree = "<group>"; };
		3719EF3823B7E3CA00BA5067 /* RenderUpdatable.swift */ = {isa = PBXFileReference; lastKnownFileType = sourcecode.swift; path = RenderUpdatable.swift; sourceTree = "<group>"; };
		3719EF3B23B7E55300BA5067 /* Timer.swift */ = {isa = PBXFileReference; lastKnownFileType = sourcecode.swift; path = Timer.swift; sourceTree = "<group>"; };
		3733358323F898D400EC746D /* simd+.swift */ = {isa = PBXFileReference; fileEncoding = 4; lastKnownFileType = sourcecode.swift; path = "simd+.swift"; sourceTree = "<group>"; };
		3755420323B74D8B00D81B4D /* SCNNode+UnityTransform.swift */ = {isa = PBXFileReference; lastKnownFileType = sourcecode.swift; path = "SCNNode+UnityTransform.swift"; sourceTree = "<group>"; };
		37DD503223AD4D3C00A4CEFF /* VRMSpringBoneColliderGroup.swift */ = {isa = PBXFileReference; lastKnownFileType = sourcecode.swift; path = VRMSpringBoneColliderGroup.swift; sourceTree = "<group>"; };
		37DD503423AD4FE700A4CEFF /* SCNVector3+.swift */ = {isa = PBXFileReference; lastKnownFileType = sourcecode.swift; path = "SCNVector3+.swift"; sourceTree = "<group>"; };
		37DD503823AD535E00A4CEFF /* VRMSpringBone.swift */ = {isa = PBXFileReference; lastKnownFileType = sourcecode.swift; path = VRMSpringBone.swift; sourceTree = "<group>"; };
/* End PBXFileReference section */

/* Begin PBXFrameworksBuildPhase section */
		2457258F2146EF99003AA5D7 /* Frameworks */ = {
			isa = PBXFrameworksBuildPhase;
			buildActionMask = 2147483647;
			files = (
				245725AE2146F09C003AA5D7 /* VRMKit.framework in Frameworks */,
			);
			runOnlyForDeploymentPostprocessing = 0;
		};
		245725982146EF99003AA5D7 /* Frameworks */ = {
			isa = PBXFrameworksBuildPhase;
			buildActionMask = 2147483647;
			files = (
				2457259C2146EF99003AA5D7 /* VRMSceneKit.framework in Frameworks */,
			);
			runOnlyForDeploymentPostprocessing = 0;
		};
		245725D42146F47A003AA5D7 /* Frameworks */ = {
			isa = PBXFrameworksBuildPhase;
			buildActionMask = 2147483647;
			files = (
				245725ED2146F496003AA5D7 /* VRMSceneKit.framework in Frameworks */,
				245725E92146F496003AA5D7 /* VRMKit.framework in Frameworks */,
			);
			runOnlyForDeploymentPostprocessing = 0;
		};
		24CF7F772143EEDB007A5C6C /* Frameworks */ = {
			isa = PBXFrameworksBuildPhase;
			buildActionMask = 2147483647;
			files = (
			);
			runOnlyForDeploymentPostprocessing = 0;
		};
		24CF7F812143EEDB007A5C6C /* Frameworks */ = {
			isa = PBXFrameworksBuildPhase;
			buildActionMask = 2147483647;
			files = (
				24CF7F852143EEDB007A5C6C /* VRMKit.framework in Frameworks */,
			);
			runOnlyForDeploymentPostprocessing = 0;
		};
/* End PBXFrameworksBuildPhase section */

/* Begin PBXGroup section */
		245725942146EF99003AA5D7 /* VRMSceneKit */ = {
			isa = PBXGroup;
			children = (
				245725AF2146F0BC003AA5D7 /* VRMSceneLoader.swift */,
				245725F52146FABE003AA5D7 /* VRMSceneLoader+convenience.swift */,
				245725B12146F0F2003AA5D7 /* SceneData.swift */,
				3719EF3A23B7E53E00BA5067 /* Helper */,
				245725B32146F11B003AA5D7 /* CustomType */,
				245725B62146F14C003AA5D7 /* GLTF2SCN */,
				245725CA2146F27F003AA5D7 /* Extensions */,
				245725952146EF99003AA5D7 /* VRMSceneKit.h */,
				245725962146EF99003AA5D7 /* Info.plist */,
			);
			path = VRMSceneKit;
			sourceTree = "<group>";
		};
		2457259F2146EF99003AA5D7 /* VRMSceneKit */ = {
			isa = PBXGroup;
			children = (
				245725A02146EF99003AA5D7 /* VRMSceneKitTests.swift */,
				245725A22146EF99003AA5D7 /* Info.plist */,
				242C32FD23B89476007314D3 /* Helpers.swift */,
				242C32FB23B88EFB007314D3 /* SCNMatrix4+Tests.swift */,
				242C32FF23B89715007314D3 /* SceneKit+Tests.swift */,
			);
			path = VRMSceneKit;
			sourceTree = "<group>";
		};
		245725AA2146EFC1003AA5D7 /* VRMKit */ = {
			isa = PBXGroup;
			children = (
				245725F32146F5E6003AA5D7 /* VRMLoader.swift */,
				24CF7FC921441F6E007A5C6C /* BinaryGLTF.swift */,
				24CF7FCD21442010007A5C6C /* VRMError.swift */,
				24CF7F952143F075007A5C6C /* VRM */,
				24CF7FB421441AED007A5C6C /* Extensions */,
				24CF7F7E2143EEDB007A5C6C /* VRMKit.h */,
				24CF7F7F2143EEDB007A5C6C /* Info.plist */,
			);
			path = VRMKit;
			sourceTree = "<group>";
		};
		245725AB2146EFEE003AA5D7 /* VRMKit */ = {
			isa = PBXGroup;
			children = (
				24CF7F8B2143EEDB007A5C6C /* Info.plist */,
				24CF7F9C2144055A007A5C6C /* Color4Tests.swift */,
				24CF7FCF214420AA007A5C6C /* BinaryGLTFTests.swift */,
				24CF7F892143EEDB007A5C6C /* VRMKitTests.swift */,
				24CF7FD421442444007A5C6C /* Resources.swift */,
			);
			path = VRMKit;
			sourceTree = "<group>";
		};
		245725AD2146F09C003AA5D7 /* Frameworks */ = {
			isa = PBXGroup;
			children = (
			);
			name = Frameworks;
			sourceTree = "<group>";
		};
		245725B32146F11B003AA5D7 /* CustomType */ = {
			isa = PBXGroup;
			children = (
				247DCF50221160E600E4C87F /* VRMScene.swift */,
				247DCF4E22115FA000E4C87F /* VRMNode.swift */,
				37DD503823AD535E00A4CEFF /* VRMSpringBone.swift */,
				37DD503223AD4D3C00A4CEFF /* VRMSpringBoneColliderGroup.swift */,
				247DCEE3220FF95D00E4C87F /* BlendShape.swift */,
				247DCF3322108FE300E4C87F /* Humanoid.swift */,
			);
			path = CustomType;
			sourceTree = "<group>";
		};
		245725B62146F14C003AA5D7 /* GLTF2SCN */ = {
			isa = PBXGroup;
			children = (
				245725B72146F165003AA5D7 /* GLTF2SCN.swift */,
				245725B92146F185003AA5D7 /* SCNCamera+GLTF.swift */,
				245725BB2146F19D003AA5D7 /* UIImage+GLTF.swift */,
				245725BD2146F1BB003AA5D7 /* SCNMaterialProperty+GLTF.swift */,
				245725BF2146F1D7003AA5D7 /* SCNMaterial+GLTF.swift */,
				245725C12146F1EE003AA5D7 /* Data+GLTF.swift */,
				245725C32146F207003AA5D7 /* SCNGeometryElement+GLTF.swift */,
				245725C52146F224003AA5D7 /* SCNGeometrySource+GLTF.swift */,
				245725C72146F240003AA5D7 /* SCNNode+GLTF.swift */,
				248D3AA4220EBADC00D50019 /* SCNMorpher+GLTF.swift */,
				247DCF35221096A600E4C87F /* InverseBindMatrix+GLTF.swift */,
				247DCF372210A1F100E4C87F /* SCNSkinner+GLTF.swift */,
			);
			path = GLTF2SCN;
			sourceTree = "<group>";
		};
		245725CA2146F27F003AA5D7 /* Extensions */ = {
			isa = PBXGroup;
			children = (
				245725CB2146F28B003AA5D7 /* GlobalFunction.swift */,
				3733358323F898D400EC746D /* simd+.swift */,
				245725CD2146F2B4003AA5D7 /* SceneKit+.swift */,
				245725D12146F323003AA5D7 /* Collection+.swift */,
				245725F821481886003AA5D7 /* VRMError+.swift */,
				245725FA21481FF9003AA5D7 /* GLTF+.swift */,
				37DD503423AD4FE700A4CEFF /* SCNVector3+.swift */,
				3755420323B74D8B00D81B4D /* SCNNode+UnityTransform.swift */,
			);
			path = Extensions;
			sourceTree = "<group>";
		};
		245725D82146F47A003AA5D7 /* Example */ = {
			isa = PBXGroup;
			children = (
				245725D92146F47A003AA5D7 /* AppDelegate.swift */,
				245725DB2146F47A003AA5D7 /* ViewController.swift */,
				245725DD2146F47B003AA5D7 /* Main.storyboard */,
				245725E02146F47D003AA5D7 /* Assets.xcassets */,
				245725E22146F47D003AA5D7 /* LaunchScreen.storyboard */,
				245725E52146F47D003AA5D7 /* Info.plist */,
			);
			path = Example;
			sourceTree = "<group>";
		};
		24CF7F712143EEDB007A5C6C = {
			isa = PBXGroup;
			children = (
				24CF7F7D2143EEDB007A5C6C /* Sources */,
				24CF7F882143EEDB007A5C6C /* Tests */,
				245725D82146F47A003AA5D7 /* Example */,
				24CF7F7C2143EEDB007A5C6C /* Products */,
				245725AD2146F09C003AA5D7 /* Frameworks */,
			);
			sourceTree = "<group>";
		};
		24CF7F7C2143EEDB007A5C6C /* Products */ = {
			isa = PBXGroup;
			children = (
				24CF7F7B2143EEDB007A5C6C /* VRMKit.framework */,
				24CF7F842143EEDB007A5C6C /* VRMKitTests.xctest */,
				245725932146EF99003AA5D7 /* VRMSceneKit.framework */,
				2457259B2146EF99003AA5D7 /* VRMSceneKitTests.xctest */,
				245725D72146F47A003AA5D7 /* VRMExample.app */,
			);
			name = Products;
			sourceTree = "<group>";
		};
		24CF7F7D2143EEDB007A5C6C /* Sources */ = {
			isa = PBXGroup;
			children = (
				245725AA2146EFC1003AA5D7 /* VRMKit */,
				245725942146EF99003AA5D7 /* VRMSceneKit */,
			);
			path = Sources;
			sourceTree = "<group>";
		};
		24CF7F882143EEDB007A5C6C /* Tests */ = {
			isa = PBXGroup;
			children = (
				245725AB2146EFEE003AA5D7 /* VRMKit */,
				2457259F2146EF99003AA5D7 /* VRMSceneKit */,
				24CF7FD32144211F007A5C6C /* Resources */,
			);
			path = Tests;
			sourceTree = "<group>";
		};
		24CF7F952143F075007A5C6C /* VRM */ = {
			isa = PBXGroup;
			children = (
				24CF7FD6214425AD007A5C6C /* VRM.swift */,
				24EE14942215CE1F00A14305 /* VRMExtension.swift */,
				24CF7F9E2144088A007A5C6C /* GLTF.swift */,
				24CF7FA021440D7E007A5C6C /* Vector3.swift */,
				24CF7FA221440D9A007A5C6C /* Vector4.swift */,
				24CF7FBB21441C64007A5C6C /* Color3.swift */,
				24CF7F9A21440488007A5C6C /* Color4.swift */,
				24CF7FA4214410B4007A5C6C /* Matrix.swift */,
				24CF7FA621441238007A5C6C /* Camera.swift */,
				24CF7FA821441253007A5C6C /* Image.swift */,
				24CF7FAA21441276007A5C6C /* Scene.swift */,
				24CF7FAC21441288007A5C6C /* Skin.swift */,
				24CF7FAE2144129B007A5C6C /* Texture.swift */,
				24CF7FB0214412CD007A5C6C /* Node.swift */,
				24CF7FB2214419B0007A5C6C /* Mesh.swift */,
				24CF7FB721441B89007A5C6C /* Material.swift */,
				24CF7FB921441BCA007A5C6C /* TextureInfo.swift */,
				24CF7FBF21441D89007A5C6C /* Buffer.swift */,
				24CF7FBD21441D73007A5C6C /* BufferView.swift */,
				24CF7FC121441DAE007A5C6C /* Asset.swift */,
				24CF7FC321441DCE007A5C6C /* Animation.swift */,
				24CF7FC521441DFD007A5C6C /* Accessor.swift */,
				24CF7FC721441E6F007A5C6C /* Sampler.swift */,
			);
			path = VRM;
			sourceTree = "<group>";
		};
		24CF7FB421441AED007A5C6C /* Extensions */ = {
			isa = PBXGroup;
			children = (
				24CF7FDC21442F14007A5C6C /* MoreCodable */,
				24CF7FCB21441FD8007A5C6C /* GlobalFunction.swift */,
			);
			path = Extensions;
			sourceTree = "<group>";
		};
		24CF7FD32144211F007A5C6C /* Resources */ = {
			isa = PBXGroup;
			children = (
				24CF7FD121442111007A5C6C /* AliciaSolid.vrm */,
			);
			path = Resources;
			sourceTree = "<group>";
		};
		24CF7FDC21442F14007A5C6C /* MoreCodable */ = {
			isa = PBXGroup;
			children = (
				24CF7FDA21442EE5007A5C6C /* DictionaryDecoder.swift */,
				24CF7FDD2144300F007A5C6C /* Storage.swift */,
				24CF7FDF2144306A007A5C6C /* InternalFunction.swift */,
				24CF7FE121443087007A5C6C /* AnyCodingKey.swift */,
				24CF7FB521441B00007A5C6C /* CodableDictionary.swift */,
				24CF7F962143F0A8007A5C6C /* CodableAny.swift */,
				24CF7FEB21451253007A5C6C /* LICENSE */,
			);
			path = MoreCodable;
			sourceTree = "<group>";
		};
		3719EF3A23B7E53E00BA5067 /* Helper */ = {
			isa = PBXGroup;
			children = (
				3719EF3823B7E3CA00BA5067 /* RenderUpdatable.swift */,
				3719EF3B23B7E55300BA5067 /* Timer.swift */,
			);
			path = Helper;
			sourceTree = "<group>";
		};
/* End PBXGroup section */

/* Begin PBXHeadersBuildPhase section */
		245725902146EF99003AA5D7 /* Headers */ = {
			isa = PBXHeadersBuildPhase;
			buildActionMask = 2147483647;
			files = (
				245725A32146EF99003AA5D7 /* VRMSceneKit.h in Headers */,
			);
			runOnlyForDeploymentPostprocessing = 0;
		};
		24CF7F782143EEDB007A5C6C /* Headers */ = {
			isa = PBXHeadersBuildPhase;
			buildActionMask = 2147483647;
			files = (
				24CF7F8C2143EEDB007A5C6C /* VRMKit.h in Headers */,
			);
			runOnlyForDeploymentPostprocessing = 0;
		};
/* End PBXHeadersBuildPhase section */

/* Begin PBXNativeTarget section */
		245725922146EF99003AA5D7 /* VRMSceneKit */ = {
			isa = PBXNativeTarget;
			buildConfigurationList = 245725A82146EF99003AA5D7 /* Build configuration list for PBXNativeTarget "VRMSceneKit" */;
			buildPhases = (
				2457258E2146EF99003AA5D7 /* Sources */,
				2457258F2146EF99003AA5D7 /* Frameworks */,
				245725902146EF99003AA5D7 /* Headers */,
				245725912146EF99003AA5D7 /* Resources */,
			);
			buildRules = (
			);
			dependencies = (
			);
			name = VRMSceneKit;
			productName = VRMSceneKit;
			productReference = 245725932146EF99003AA5D7 /* VRMSceneKit.framework */;
			productType = "com.apple.product-type.framework";
		};
		2457259A2146EF99003AA5D7 /* VRMSceneKitTests */ = {
			isa = PBXNativeTarget;
			buildConfigurationList = 245725A92146EF99003AA5D7 /* Build configuration list for PBXNativeTarget "VRMSceneKitTests" */;
			buildPhases = (
				245725972146EF99003AA5D7 /* Sources */,
				245725982146EF99003AA5D7 /* Frameworks */,
				245725992146EF99003AA5D7 /* Resources */,
			);
			buildRules = (
			);
			dependencies = (
				2457259E2146EF99003AA5D7 /* PBXTargetDependency */,
			);
			name = VRMSceneKitTests;
			productName = VRMSceneKitTests;
			productReference = 2457259B2146EF99003AA5D7 /* VRMSceneKitTests.xctest */;
			productType = "com.apple.product-type.bundle.unit-test";
		};
		245725D62146F47A003AA5D7 /* VRMExample */ = {
			isa = PBXNativeTarget;
			buildConfigurationList = 245725E62146F47D003AA5D7 /* Build configuration list for PBXNativeTarget "VRMExample" */;
			buildPhases = (
				245725D32146F47A003AA5D7 /* Sources */,
				245725D42146F47A003AA5D7 /* Frameworks */,
				245725D52146F47A003AA5D7 /* Resources */,
				245725F12146F496003AA5D7 /* Embed Frameworks */,
			);
			buildRules = (
			);
			dependencies = (
				245725EC2146F496003AA5D7 /* PBXTargetDependency */,
				245725F02146F496003AA5D7 /* PBXTargetDependency */,
			);
			name = VRMExample;
			productName = VRMExample;
			productReference = 245725D72146F47A003AA5D7 /* VRMExample.app */;
			productType = "com.apple.product-type.application";
		};
		24CF7F7A2143EEDB007A5C6C /* VRMKit */ = {
			isa = PBXNativeTarget;
			buildConfigurationList = 24CF7F8F2143EEDB007A5C6C /* Build configuration list for PBXNativeTarget "VRMKit" */;
			buildPhases = (
				24CF7F762143EEDB007A5C6C /* Sources */,
				24CF7F772143EEDB007A5C6C /* Frameworks */,
				24CF7F782143EEDB007A5C6C /* Headers */,
				24CF7F792143EEDB007A5C6C /* Resources */,
			);
			buildRules = (
			);
			dependencies = (
			);
			name = VRMKit;
			productName = VRMKit;
			productReference = 24CF7F7B2143EEDB007A5C6C /* VRMKit.framework */;
			productType = "com.apple.product-type.framework";
		};
		24CF7F832143EEDB007A5C6C /* VRMKitTests */ = {
			isa = PBXNativeTarget;
			buildConfigurationList = 24CF7F922143EEDB007A5C6C /* Build configuration list for PBXNativeTarget "VRMKitTests" */;
			buildPhases = (
				24CF7F802143EEDB007A5C6C /* Sources */,
				24CF7F812143EEDB007A5C6C /* Frameworks */,
				24CF7F822143EEDB007A5C6C /* Resources */,
			);
			buildRules = (
			);
			dependencies = (
				24CF7F872143EEDB007A5C6C /* PBXTargetDependency */,
			);
			name = VRMKitTests;
			productName = VRMKitTests;
			productReference = 24CF7F842143EEDB007A5C6C /* VRMKitTests.xctest */;
			productType = "com.apple.product-type.bundle.unit-test";
		};
/* End PBXNativeTarget section */

/* Begin PBXProject section */
		24CF7F722143EEDB007A5C6C /* Project object */ = {
			isa = PBXProject;
			attributes = {
				LastSwiftUpdateCheck = 0940;
				LastUpgradeCheck = 0940;
				ORGANIZATIONNAME = tattn;
				TargetAttributes = {
					245725922146EF99003AA5D7 = {
						CreatedOnToolsVersion = 9.4.1;
						LastSwiftMigration = 1020;
					};
					2457259A2146EF99003AA5D7 = {
						CreatedOnToolsVersion = 9.4.1;
						LastSwiftMigration = 1020;
					};
					245725D62146F47A003AA5D7 = {
						CreatedOnToolsVersion = 9.4.1;
						LastSwiftMigration = 1020;
					};
					24CF7F7A2143EEDB007A5C6C = {
						CreatedOnToolsVersion = 9.4.1;
						LastSwiftMigration = 1020;
					};
					24CF7F832143EEDB007A5C6C = {
						CreatedOnToolsVersion = 9.4.1;
						LastSwiftMigration = 1020;
					};
				};
			};
			buildConfigurationList = 24CF7F752143EEDB007A5C6C /* Build configuration list for PBXProject "VRMKit" */;
			compatibilityVersion = "Xcode 9.3";
			developmentRegion = en;
			hasScannedForEncodings = 0;
			knownRegions = (
				en,
				Base,
			);
			mainGroup = 24CF7F712143EEDB007A5C6C;
			productRefGroup = 24CF7F7C2143EEDB007A5C6C /* Products */;
			projectDirPath = "";
			projectRoot = "";
			targets = (
				24CF7F7A2143EEDB007A5C6C /* VRMKit */,
				24CF7F832143EEDB007A5C6C /* VRMKitTests */,
				245725922146EF99003AA5D7 /* VRMSceneKit */,
				2457259A2146EF99003AA5D7 /* VRMSceneKitTests */,
				245725D62146F47A003AA5D7 /* VRMExample */,
			);
		};
/* End PBXProject section */

/* Begin PBXResourcesBuildPhase section */
		245725912146EF99003AA5D7 /* Resources */ = {
			isa = PBXResourcesBuildPhase;
			buildActionMask = 2147483647;
			files = (
			);
			runOnlyForDeploymentPostprocessing = 0;
		};
		245725992146EF99003AA5D7 /* Resources */ = {
			isa = PBXResourcesBuildPhase;
			buildActionMask = 2147483647;
			files = (
				245725AC2146F059003AA5D7 /* AliciaSolid.vrm in Resources */,
			);
			runOnlyForDeploymentPostprocessing = 0;
		};
		245725D52146F47A003AA5D7 /* Resources */ = {
			isa = PBXResourcesBuildPhase;
			buildActionMask = 2147483647;
			files = (
				245725F22146F4E3003AA5D7 /* AliciaSolid.vrm in Resources */,
				245725E42146F47D003AA5D7 /* LaunchScreen.storyboard in Resources */,
				245725E12146F47D003AA5D7 /* Assets.xcassets in Resources */,
				245725DF2146F47B003AA5D7 /* Main.storyboard in Resources */,
			);
			runOnlyForDeploymentPostprocessing = 0;
		};
		24CF7F792143EEDB007A5C6C /* Resources */ = {
			isa = PBXResourcesBuildPhase;
			buildActionMask = 2147483647;
			files = (
			);
			runOnlyForDeploymentPostprocessing = 0;
		};
		24CF7F822143EEDB007A5C6C /* Resources */ = {
			isa = PBXResourcesBuildPhase;
			buildActionMask = 2147483647;
			files = (
				24CF7FD221442111007A5C6C /* AliciaSolid.vrm in Resources */,
			);
			runOnlyForDeploymentPostprocessing = 0;
		};
/* End PBXResourcesBuildPhase section */

/* Begin PBXSourcesBuildPhase section */
		2457258E2146EF99003AA5D7 /* Sources */ = {
			isa = PBXSourcesBuildPhase;
			buildActionMask = 2147483647;
			files = (
				37DD503623AD513200A4CEFF /* VRMSpringBoneColliderGroup.swift in Sources */,
				245725C42146F207003AA5D7 /* SCNGeometryElement+GLTF.swift in Sources */,
				245725BA2146F185003AA5D7 /* SCNCamera+GLTF.swift in Sources */,
				245725FB21481FF9003AA5D7 /* GLTF+.swift in Sources */,
				245725B82146F165003AA5D7 /* GLTF2SCN.swift in Sources */,
				248D3AA6220EBAE200D50019 /* SCNMorpher+GLTF.swift in Sources */,
				245725F921481887003AA5D7 /* VRMError+.swift in Sources */,
				37DD503723AD515E00A4CEFF /* SCNVector3+.swift in Sources */,
				245725D22146F323003AA5D7 /* Collection+.swift in Sources */,
				245725CE2146F2B4003AA5D7 /* SceneKit+.swift in Sources */,
				245725C82146F240003AA5D7 /* SCNNode+GLTF.swift in Sources */,
				247DCF3422108FE300E4C87F /* Humanoid.swift in Sources */,
				247DCEE4220FF95D00E4C87F /* BlendShape.swift in Sources */,
				245725BE2146F1BB003AA5D7 /* SCNMaterialProperty+GLTF.swift in Sources */,
				245725B22146F0F2003AA5D7 /* SceneData.swift in Sources */,
				247DCF36221096A600E4C87F /* InverseBindMatrix+GLTF.swift in Sources */,
				3719EF3C23B7E55300BA5067 /* Timer.swift in Sources */,
				245725C22146F1EE003AA5D7 /* Data+GLTF.swift in Sources */,
				3719EF3923B7E3CA00BA5067 /* RenderUpdatable.swift in Sources */,
				245725CC2146F28B003AA5D7 /* GlobalFunction.swift in Sources */,
				245725F72146FAC1003AA5D7 /* VRMSceneLoader+convenience.swift in Sources */,
				245725C02146F1D7003AA5D7 /* SCNMaterial+GLTF.swift in Sources */,
				245725B02146F0BC003AA5D7 /* VRMSceneLoader.swift in Sources */,
				247DCF4F22115FA000E4C87F /* VRMNode.swift in Sources */,
				247DCF51221160E600E4C87F /* VRMScene.swift in Sources */,
				247DCF382210A1F100E4C87F /* SCNSkinner+GLTF.swift in Sources */,
				3755420423B74D8B00D81B4D /* SCNNode+UnityTransform.swift in Sources */,
				245725BC2146F19D003AA5D7 /* UIImage+GLTF.swift in Sources */,
				245725C62146F224003AA5D7 /* SCNGeometrySource+GLTF.swift in Sources */,
				3733358423F898D400EC746D /* simd+.swift in Sources */,
				37DD503923AD535E00A4CEFF /* VRMSpringBone.swift in Sources */,
			);
			runOnlyForDeploymentPostprocessing = 0;
		};
		245725972146EF99003AA5D7 /* Sources */ = {
			isa = PBXSourcesBuildPhase;
			buildActionMask = 2147483647;
			files = (
				242C32FC23B88EFB007314D3 /* SCNMatrix4+Tests.swift in Sources */,
				242C32FE23B89476007314D3 /* Helpers.swift in Sources */,
				245725A12146EF99003AA5D7 /* VRMSceneKitTests.swift in Sources */,
				242C330023B89715007314D3 /* SceneKit+Tests.swift in Sources */,
			);
			runOnlyForDeploymentPostprocessing = 0;
		};
		245725D32146F47A003AA5D7 /* Sources */ = {
			isa = PBXSourcesBuildPhase;
			buildActionMask = 2147483647;
			files = (
				245725DC2146F47A003AA5D7 /* ViewController.swift in Sources */,
				245725DA2146F47A003AA5D7 /* AppDelegate.swift in Sources */,
			);
			runOnlyForDeploymentPostprocessing = 0;
		};
		24CF7F762143EEDB007A5C6C /* Sources */ = {
			isa = PBXSourcesBuildPhase;
			buildActionMask = 2147483647;
			files = (
				24CF7F9B21440488007A5C6C /* Color4.swift in Sources */,
				24CF7FB3214419B0007A5C6C /* Mesh.swift in Sources */,
				24CF7FD7214425AD007A5C6C /* VRM.swift in Sources */,
				24CF7FC221441DAE007A5C6C /* Asset.swift in Sources */,
				24CF7FA921441253007A5C6C /* Image.swift in Sources */,
				24CF7FBC21441C64007A5C6C /* Color3.swift in Sources */,
				24CF7FCA21441F6E007A5C6C /* BinaryGLTF.swift in Sources */,
				24CF7FC021441D89007A5C6C /* Buffer.swift in Sources */,
				24CF7FE02144306A007A5C6C /* InternalFunction.swift in Sources */,
				24CF7FC621441DFD007A5C6C /* Accessor.swift in Sources */,
				24CF7F9F2144088A007A5C6C /* GLTF.swift in Sources */,
				24CF7FB1214412CD007A5C6C /* Node.swift in Sources */,
				24CF7FA5214410B4007A5C6C /* Matrix.swift in Sources */,
				24CF7FAD21441288007A5C6C /* Skin.swift in Sources */,
				24CF7FBE21441D73007A5C6C /* BufferView.swift in Sources */,
				24CF7FDB21442EE5007A5C6C /* DictionaryDecoder.swift in Sources */,
				24CF7FCC21441FD8007A5C6C /* GlobalFunction.swift in Sources */,
				24CF7FA121440D7E007A5C6C /* Vector3.swift in Sources */,
				24CF7FAF2144129B007A5C6C /* Texture.swift in Sources */,
				24CF7FBA21441BCA007A5C6C /* TextureInfo.swift in Sources */,
				24CF7FA321440D9A007A5C6C /* Vector4.swift in Sources */,
				24CF7FB821441B89007A5C6C /* Material.swift in Sources */,
				245725F42146F5E6003AA5D7 /* VRMLoader.swift in Sources */,
				24CF7FB621441B00007A5C6C /* CodableDictionary.swift in Sources */,
				24CF7FA721441238007A5C6C /* Camera.swift in Sources */,
				24CF7F972143F0A8007A5C6C /* CodableAny.swift in Sources */,
				24CF7FCE21442010007A5C6C /* VRMError.swift in Sources */,
				24CF7FC421441DCE007A5C6C /* Animation.swift in Sources */,
				24CF7FC821441E6F007A5C6C /* Sampler.swift in Sources */,
				24CF7FDE2144300F007A5C6C /* Storage.swift in Sources */,
				24CF7FAB21441276007A5C6C /* Scene.swift in Sources */,
				24CF7FE221443087007A5C6C /* AnyCodingKey.swift in Sources */,
				24EE14952215CE1F00A14305 /* VRMExtension.swift in Sources */,
			);
			runOnlyForDeploymentPostprocessing = 0;
		};
		24CF7F802143EEDB007A5C6C /* Sources */ = {
			isa = PBXSourcesBuildPhase;
			buildActionMask = 2147483647;
			files = (
				24CF7FD521442444007A5C6C /* Resources.swift in Sources */,
				24CF7F8A2143EEDB007A5C6C /* VRMKitTests.swift in Sources */,
				24CF7FD0214420AA007A5C6C /* BinaryGLTFTests.swift in Sources */,
				24CF7F9D2144055A007A5C6C /* Color4Tests.swift in Sources */,
			);
			runOnlyForDeploymentPostprocessing = 0;
		};
/* End PBXSourcesBuildPhase section */

/* Begin PBXTargetDependency section */
		2457259E2146EF99003AA5D7 /* PBXTargetDependency */ = {
			isa = PBXTargetDependency;
			target = 245725922146EF99003AA5D7 /* VRMSceneKit */;
			targetProxy = 2457259D2146EF99003AA5D7 /* PBXContainerItemProxy */;
		};
		245725EC2146F496003AA5D7 /* PBXTargetDependency */ = {
			isa = PBXTargetDependency;
			target = 24CF7F7A2143EEDB007A5C6C /* VRMKit */;
			targetProxy = 245725EB2146F496003AA5D7 /* PBXContainerItemProxy */;
		};
		245725F02146F496003AA5D7 /* PBXTargetDependency */ = {
			isa = PBXTargetDependency;
			target = 245725922146EF99003AA5D7 /* VRMSceneKit */;
			targetProxy = 245725EF2146F496003AA5D7 /* PBXContainerItemProxy */;
		};
		24CF7F872143EEDB007A5C6C /* PBXTargetDependency */ = {
			isa = PBXTargetDependency;
			target = 24CF7F7A2143EEDB007A5C6C /* VRMKit */;
			targetProxy = 24CF7F862143EEDB007A5C6C /* PBXContainerItemProxy */;
		};
/* End PBXTargetDependency section */

/* Begin PBXVariantGroup section */
		245725DD2146F47B003AA5D7 /* Main.storyboard */ = {
			isa = PBXVariantGroup;
			children = (
				245725DE2146F47B003AA5D7 /* Base */,
			);
			name = Main.storyboard;
			sourceTree = "<group>";
		};
		245725E22146F47D003AA5D7 /* LaunchScreen.storyboard */ = {
			isa = PBXVariantGroup;
			children = (
				245725E32146F47D003AA5D7 /* Base */,
			);
			name = LaunchScreen.storyboard;
			sourceTree = "<group>";
		};
/* End PBXVariantGroup section */

/* Begin XCBuildConfiguration section */
		245725A42146EF99003AA5D7 /* Debug */ = {
			isa = XCBuildConfiguration;
			buildSettings = {
				CLANG_ENABLE_MODULES = YES;
				CODE_SIGN_IDENTITY = "";
				CODE_SIGN_STYLE = Automatic;
				DEFINES_MODULE = YES;
				DYLIB_COMPATIBILITY_VERSION = 1;
				DYLIB_CURRENT_VERSION = 1;
				DYLIB_INSTALL_NAME_BASE = "@rpath";
				INFOPLIST_FILE = Sources/VRMSceneKit/Info.plist;
				INSTALL_PATH = "$(LOCAL_LIBRARY_DIR)/Frameworks";
				IPHONEOS_DEPLOYMENT_TARGET = 11.0;
				LD_RUNPATH_SEARCH_PATHS = (
					"$(inherited)",
					"@executable_path/Frameworks",
					"@loader_path/Frameworks",
				);
				PRODUCT_BUNDLE_IDENTIFIER = com.github.tattn.VRMSceneKit;
				PRODUCT_NAME = "$(TARGET_NAME:c99extidentifier)";
				SKIP_INSTALL = YES;
				SWIFT_OPTIMIZATION_LEVEL = "-Onone";
				SWIFT_VERSION = 5.0;
				TARGETED_DEVICE_FAMILY = "1,2";
			};
			name = Debug;
		};
		245725A52146EF99003AA5D7 /* Release */ = {
			isa = XCBuildConfiguration;
			buildSettings = {
				CLANG_ENABLE_MODULES = YES;
				CODE_SIGN_IDENTITY = "";
				CODE_SIGN_STYLE = Automatic;
				DEFINES_MODULE = YES;
				DYLIB_COMPATIBILITY_VERSION = 1;
				DYLIB_CURRENT_VERSION = 1;
				DYLIB_INSTALL_NAME_BASE = "@rpath";
				INFOPLIST_FILE = Sources/VRMSceneKit/Info.plist;
				INSTALL_PATH = "$(LOCAL_LIBRARY_DIR)/Frameworks";
				IPHONEOS_DEPLOYMENT_TARGET = 11.0;
				LD_RUNPATH_SEARCH_PATHS = (
					"$(inherited)",
					"@executable_path/Frameworks",
					"@loader_path/Frameworks",
				);
				PRODUCT_BUNDLE_IDENTIFIER = com.github.tattn.VRMSceneKit;
				PRODUCT_NAME = "$(TARGET_NAME:c99extidentifier)";
				SKIP_INSTALL = YES;
				SWIFT_VERSION = 5.0;
				TARGETED_DEVICE_FAMILY = "1,2";
			};
			name = Release;
		};
		245725A62146EF99003AA5D7 /* Debug */ = {
			isa = XCBuildConfiguration;
			buildSettings = {
				ALWAYS_EMBED_SWIFT_STANDARD_LIBRARIES = YES;
				CODE_SIGN_STYLE = Automatic;
				INFOPLIST_FILE = Tests/VRMSceneKit/Info.plist;
				LD_RUNPATH_SEARCH_PATHS = (
					"$(inherited)",
					"@executable_path/Frameworks",
					"@loader_path/Frameworks",
				);
				PRODUCT_BUNDLE_IDENTIFIER = com.github.tattn.VRMSceneKitTests;
				PRODUCT_NAME = "$(TARGET_NAME)";
				SWIFT_VERSION = 5.0;
				TARGETED_DEVICE_FAMILY = "1,2";
			};
			name = Debug;
		};
		245725A72146EF99003AA5D7 /* Release */ = {
			isa = XCBuildConfiguration;
			buildSettings = {
				ALWAYS_EMBED_SWIFT_STANDARD_LIBRARIES = YES;
				CODE_SIGN_STYLE = Automatic;
				INFOPLIST_FILE = Tests/VRMSceneKit/Info.plist;
				LD_RUNPATH_SEARCH_PATHS = (
					"$(inherited)",
					"@executable_path/Frameworks",
					"@loader_path/Frameworks",
				);
				PRODUCT_BUNDLE_IDENTIFIER = com.github.tattn.VRMSceneKitTests;
				PRODUCT_NAME = "$(TARGET_NAME)";
				SWIFT_VERSION = 5.0;
				TARGETED_DEVICE_FAMILY = "1,2";
			};
			name = Release;
		};
		245725E72146F47D003AA5D7 /* Debug */ = {
			isa = XCBuildConfiguration;
			buildSettings = {
				ALWAYS_EMBED_SWIFT_STANDARD_LIBRARIES = YES;
				ASSETCATALOG_COMPILER_APPICON_NAME = AppIcon;
				CODE_SIGN_STYLE = Automatic;
				DEVELOPMENT_TEAM = FBQ6Z8AF3U;
				INFOPLIST_FILE = Example/Info.plist;
				IPHONEOS_DEPLOYMENT_TARGET = 11.0;
				LD_RUNPATH_SEARCH_PATHS = (
					"$(inherited)",
					"@executable_path/Frameworks",
				);
				PRODUCT_BUNDLE_IDENTIFIER = com.github.tattn.VRMExample;
				PRODUCT_NAME = "$(TARGET_NAME)";
				SWIFT_VERSION = 5.0;
				TARGETED_DEVICE_FAMILY = "1,2";
			};
			name = Debug;
		};
		245725E82146F47D003AA5D7 /* Release */ = {
			isa = XCBuildConfiguration;
			buildSettings = {
				ALWAYS_EMBED_SWIFT_STANDARD_LIBRARIES = YES;
				ASSETCATALOG_COMPILER_APPICON_NAME = AppIcon;
				CODE_SIGN_STYLE = Automatic;
				DEVELOPMENT_TEAM = FBQ6Z8AF3U;
				INFOPLIST_FILE = Example/Info.plist;
				IPHONEOS_DEPLOYMENT_TARGET = 11.0;
				LD_RUNPATH_SEARCH_PATHS = (
					"$(inherited)",
					"@executable_path/Frameworks",
				);
				PRODUCT_BUNDLE_IDENTIFIER = com.github.tattn.VRMExample;
				PRODUCT_NAME = "$(TARGET_NAME)";
				SWIFT_VERSION = 5.0;
				TARGETED_DEVICE_FAMILY = "1,2";
			};
			name = Release;
		};
		24CF7F8D2143EEDB007A5C6C /* Debug */ = {
			isa = XCBuildConfiguration;
			buildSettings = {
				ALWAYS_SEARCH_USER_PATHS = NO;
				CLANG_ANALYZER_NONNULL = YES;
				CLANG_ANALYZER_NUMBER_OBJECT_CONVERSION = YES_AGGRESSIVE;
				CLANG_CXX_LANGUAGE_STANDARD = "gnu++14";
				CLANG_CXX_LIBRARY = "libc++";
				CLANG_ENABLE_MODULES = YES;
				CLANG_ENABLE_OBJC_ARC = YES;
				CLANG_ENABLE_OBJC_WEAK = YES;
				CLANG_WARN_BLOCK_CAPTURE_AUTORELEASING = YES;
				CLANG_WARN_BOOL_CONVERSION = YES;
				CLANG_WARN_COMMA = YES;
				CLANG_WARN_CONSTANT_CONVERSION = YES;
				CLANG_WARN_DEPRECATED_OBJC_IMPLEMENTATIONS = YES;
				CLANG_WARN_DIRECT_OBJC_ISA_USAGE = YES_ERROR;
				CLANG_WARN_DOCUMENTATION_COMMENTS = YES;
				CLANG_WARN_EMPTY_BODY = YES;
				CLANG_WARN_ENUM_CONVERSION = YES;
				CLANG_WARN_INFINITE_RECURSION = YES;
				CLANG_WARN_INT_CONVERSION = YES;
				CLANG_WARN_NON_LITERAL_NULL_CONVERSION = YES;
				CLANG_WARN_OBJC_IMPLICIT_RETAIN_SELF = YES;
				CLANG_WARN_OBJC_LITERAL_CONVERSION = YES;
				CLANG_WARN_OBJC_ROOT_CLASS = YES_ERROR;
				CLANG_WARN_RANGE_LOOP_ANALYSIS = YES;
				CLANG_WARN_STRICT_PROTOTYPES = YES;
				CLANG_WARN_SUSPICIOUS_MOVE = YES;
				CLANG_WARN_UNGUARDED_AVAILABILITY = YES_AGGRESSIVE;
				CLANG_WARN_UNREACHABLE_CODE = YES;
				CLANG_WARN__DUPLICATE_METHOD_MATCH = YES;
				CODE_SIGN_IDENTITY = "iPhone Developer";
				COPY_PHASE_STRIP = NO;
				CURRENT_PROJECT_VERSION = 1;
				DEBUG_INFORMATION_FORMAT = dwarf;
				ENABLE_STRICT_OBJC_MSGSEND = YES;
				ENABLE_TESTABILITY = YES;
				GCC_C_LANGUAGE_STANDARD = gnu11;
				GCC_DYNAMIC_NO_PIC = NO;
				GCC_NO_COMMON_BLOCKS = YES;
				GCC_OPTIMIZATION_LEVEL = 0;
				GCC_PREPROCESSOR_DEFINITIONS = (
					"DEBUG=1",
					"$(inherited)",
				);
				GCC_WARN_64_TO_32_BIT_CONVERSION = YES;
				GCC_WARN_ABOUT_RETURN_TYPE = YES_ERROR;
				GCC_WARN_UNDECLARED_SELECTOR = YES;
				GCC_WARN_UNINITIALIZED_AUTOS = YES_AGGRESSIVE;
				GCC_WARN_UNUSED_FUNCTION = YES;
				GCC_WARN_UNUSED_VARIABLE = YES;
				IPHONEOS_DEPLOYMENT_TARGET = 11.0;
				MTL_ENABLE_DEBUG_INFO = YES;
				ONLY_ACTIVE_ARCH = YES;
				SDKROOT = iphoneos;
				SWIFT_ACTIVE_COMPILATION_CONDITIONS = DEBUG;
				SWIFT_OPTIMIZATION_LEVEL = "-Onone";
				VERSIONING_SYSTEM = "apple-generic";
				VERSION_INFO_PREFIX = "";
			};
			name = Debug;
		};
		24CF7F8E2143EEDB007A5C6C /* Release */ = {
			isa = XCBuildConfiguration;
			buildSettings = {
				ALWAYS_SEARCH_USER_PATHS = NO;
				CLANG_ANALYZER_NONNULL = YES;
				CLANG_ANALYZER_NUMBER_OBJECT_CONVERSION = YES_AGGRESSIVE;
				CLANG_CXX_LANGUAGE_STANDARD = "gnu++14";
				CLANG_CXX_LIBRARY = "libc++";
				CLANG_ENABLE_MODULES = YES;
				CLANG_ENABLE_OBJC_ARC = YES;
				CLANG_ENABLE_OBJC_WEAK = YES;
				CLANG_WARN_BLOCK_CAPTURE_AUTORELEASING = YES;
				CLANG_WARN_BOOL_CONVERSION = YES;
				CLANG_WARN_COMMA = YES;
				CLANG_WARN_CONSTANT_CONVERSION = YES;
				CLANG_WARN_DEPRECATED_OBJC_IMPLEMENTATIONS = YES;
				CLANG_WARN_DIRECT_OBJC_ISA_USAGE = YES_ERROR;
				CLANG_WARN_DOCUMENTATION_COMMENTS = YES;
				CLANG_WARN_EMPTY_BODY = YES;
				CLANG_WARN_ENUM_CONVERSION = YES;
				CLANG_WARN_INFINITE_RECURSION = YES;
				CLANG_WARN_INT_CONVERSION = YES;
				CLANG_WARN_NON_LITERAL_NULL_CONVERSION = YES;
				CLANG_WARN_OBJC_IMPLICIT_RETAIN_SELF = YES;
				CLANG_WARN_OBJC_LITERAL_CONVERSION = YES;
				CLANG_WARN_OBJC_ROOT_CLASS = YES_ERROR;
				CLANG_WARN_RANGE_LOOP_ANALYSIS = YES;
				CLANG_WARN_STRICT_PROTOTYPES = YES;
				CLANG_WARN_SUSPICIOUS_MOVE = YES;
				CLANG_WARN_UNGUARDED_AVAILABILITY = YES_AGGRESSIVE;
				CLANG_WARN_UNREACHABLE_CODE = YES;
				CLANG_WARN__DUPLICATE_METHOD_MATCH = YES;
				CODE_SIGN_IDENTITY = "iPhone Developer";
				COPY_PHASE_STRIP = NO;
				CURRENT_PROJECT_VERSION = 1;
				DEBUG_INFORMATION_FORMAT = "dwarf-with-dsym";
				ENABLE_NS_ASSERTIONS = NO;
				ENABLE_STRICT_OBJC_MSGSEND = YES;
				GCC_C_LANGUAGE_STANDARD = gnu11;
				GCC_NO_COMMON_BLOCKS = YES;
				GCC_WARN_64_TO_32_BIT_CONVERSION = YES;
				GCC_WARN_ABOUT_RETURN_TYPE = YES_ERROR;
				GCC_WARN_UNDECLARED_SELECTOR = YES;
				GCC_WARN_UNINITIALIZED_AUTOS = YES_AGGRESSIVE;
				GCC_WARN_UNUSED_FUNCTION = YES;
				GCC_WARN_UNUSED_VARIABLE = YES;
				IPHONEOS_DEPLOYMENT_TARGET = 11.0;
				MTL_ENABLE_DEBUG_INFO = NO;
				SDKROOT = iphoneos;
				SWIFT_COMPILATION_MODE = wholemodule;
				SWIFT_OPTIMIZATION_LEVEL = "-O";
				VALIDATE_PRODUCT = YES;
				VERSIONING_SYSTEM = "apple-generic";
				VERSION_INFO_PREFIX = "";
			};
			name = Release;
		};
		24CF7F902143EEDB007A5C6C /* Debug */ = {
			isa = XCBuildConfiguration;
			buildSettings = {
				CLANG_ENABLE_MODULES = YES;
				CODE_SIGN_IDENTITY = "";
				CODE_SIGN_STYLE = Automatic;
				DEFINES_MODULE = YES;
				DYLIB_COMPATIBILITY_VERSION = 1;
				DYLIB_CURRENT_VERSION = 1;
				DYLIB_INSTALL_NAME_BASE = "@rpath";
				INFOPLIST_FILE = Sources/VRMKit/Info.plist;
				INSTALL_PATH = "$(LOCAL_LIBRARY_DIR)/Frameworks";
				IPHONEOS_DEPLOYMENT_TARGET = 11.0;
				LD_RUNPATH_SEARCH_PATHS = (
					"$(inherited)",
					"@executable_path/Frameworks",
					"@loader_path/Frameworks",
				);
				PRODUCT_BUNDLE_IDENTIFIER = com.github.tattn.VRMKit;
				PRODUCT_NAME = "$(TARGET_NAME:c99extidentifier)";
				SKIP_INSTALL = YES;
				SWIFT_OPTIMIZATION_LEVEL = "-Onone";
				SWIFT_VERSION = 5.0;
				TARGETED_DEVICE_FAMILY = "1,2";
			};
			name = Debug;
		};
		24CF7F912143EEDB007A5C6C /* Release */ = {
			isa = XCBuildConfiguration;
			buildSettings = {
				CLANG_ENABLE_MODULES = YES;
				CODE_SIGN_IDENTITY = "";
				CODE_SIGN_STYLE = Automatic;
				DEFINES_MODULE = YES;
				DYLIB_COMPATIBILITY_VERSION = 1;
				DYLIB_CURRENT_VERSION = 1;
				DYLIB_INSTALL_NAME_BASE = "@rpath";
				INFOPLIST_FILE = Sources/VRMKit/Info.plist;
				INSTALL_PATH = "$(LOCAL_LIBRARY_DIR)/Frameworks";
				IPHONEOS_DEPLOYMENT_TARGET = 11.0;
				LD_RUNPATH_SEARCH_PATHS = (
					"$(inherited)",
					"@executable_path/Frameworks",
					"@loader_path/Frameworks",
				);
				PRODUCT_BUNDLE_IDENTIFIER = com.github.tattn.VRMKit;
				PRODUCT_NAME = "$(TARGET_NAME:c99extidentifier)";
				SKIP_INSTALL = YES;
				SWIFT_VERSION = 5.0;
				TARGETED_DEVICE_FAMILY = "1,2";
			};
			name = Release;
		};
		24CF7F932143EEDB007A5C6C /* Debug */ = {
			isa = XCBuildConfiguration;
			buildSettings = {
				ALWAYS_EMBED_SWIFT_STANDARD_LIBRARIES = YES;
				CODE_SIGN_STYLE = Automatic;
				INFOPLIST_FILE = Tests/VRMKit/Info.plist;
				LD_RUNPATH_SEARCH_PATHS = (
					"$(inherited)",
					"@executable_path/Frameworks",
					"@loader_path/Frameworks",
				);
				PRODUCT_BUNDLE_IDENTIFIER = com.github.tattn.VRMKitTests;
				PRODUCT_NAME = "$(TARGET_NAME)";
				SWIFT_VERSION = 5.0;
				TARGETED_DEVICE_FAMILY = "1,2";
			};
			name = Debug;
		};
		24CF7F942143EEDB007A5C6C /* Release */ = {
			isa = XCBuildConfiguration;
			buildSettings = {
				ALWAYS_EMBED_SWIFT_STANDARD_LIBRARIES = YES;
				CODE_SIGN_STYLE = Automatic;
				INFOPLIST_FILE = Tests/VRMKit/Info.plist;
				LD_RUNPATH_SEARCH_PATHS = (
					"$(inherited)",
					"@executable_path/Frameworks",
					"@loader_path/Frameworks",
				);
				PRODUCT_BUNDLE_IDENTIFIER = com.github.tattn.VRMKitTests;
				PRODUCT_NAME = "$(TARGET_NAME)";
				SWIFT_VERSION = 5.0;
				TARGETED_DEVICE_FAMILY = "1,2";
			};
			name = Release;
		};
/* End XCBuildConfiguration section */

/* Begin XCConfigurationList section */
		245725A82146EF99003AA5D7 /* Build configuration list for PBXNativeTarget "VRMSceneKit" */ = {
			isa = XCConfigurationList;
			buildConfigurations = (
				245725A42146EF99003AA5D7 /* Debug */,
				245725A52146EF99003AA5D7 /* Release */,
			);
			defaultConfigurationIsVisible = 0;
			defaultConfigurationName = Release;
		};
		245725A92146EF99003AA5D7 /* Build configuration list for PBXNativeTarget "VRMSceneKitTests" */ = {
			isa = XCConfigurationList;
			buildConfigurations = (
				245725A62146EF99003AA5D7 /* Debug */,
				245725A72146EF99003AA5D7 /* Release */,
			);
			defaultConfigurationIsVisible = 0;
			defaultConfigurationName = Release;
		};
		245725E62146F47D003AA5D7 /* Build configuration list for PBXNativeTarget "VRMExample" */ = {
			isa = XCConfigurationList;
			buildConfigurations = (
				245725E72146F47D003AA5D7 /* Debug */,
				245725E82146F47D003AA5D7 /* Release */,
			);
			defaultConfigurationIsVisible = 0;
			defaultConfigurationName = Release;
		};
		24CF7F752143EEDB007A5C6C /* Build configuration list for PBXProject "VRMKit" */ = {
			isa = XCConfigurationList;
			buildConfigurations = (
				24CF7F8D2143EEDB007A5C6C /* Debug */,
				24CF7F8E2143EEDB007A5C6C /* Release */,
			);
			defaultConfigurationIsVisible = 0;
			defaultConfigurationName = Release;
		};
		24CF7F8F2143EEDB007A5C6C /* Build configuration list for PBXNativeTarget "VRMKit" */ = {
			isa = XCConfigurationList;
			buildConfigurations = (
				24CF7F902143EEDB007A5C6C /* Debug */,
				24CF7F912143EEDB007A5C6C /* Release */,
			);
			defaultConfigurationIsVisible = 0;
			defaultConfigurationName = Release;
		};
		24CF7F922143EEDB007A5C6C /* Build configuration list for PBXNativeTarget "VRMKitTests" */ = {
			isa = XCConfigurationList;
			buildConfigurations = (
				24CF7F932143EEDB007A5C6C /* Debug */,
				24CF7F942143EEDB007A5C6C /* Release */,
			);
			defaultConfigurationIsVisible = 0;
			defaultConfigurationName = Release;
		};
/* End XCConfigurationList section */
	};
	rootObject = 24CF7F722143EEDB007A5C6C /* Project object */;
}
