// !$*UTF8*$!
{
	archiveVersion = 1;
	classes = {
	};
	objectVersion = 50;
	objects = {

/* Begin PBXBuildFile section */
		24CF7F852143EEDB007A5C6C /* VRMKit.framework in Frameworks */ = {isa = PBXBuildFile; fileRef = 24CF7F7B2143EEDB007A5C6C /* VRMKit.framework */; };
		24CF7F8A2143EEDB007A5C6C /* VRMKitTests.swift in Sources */ = {isa = PBXBuildFile; fileRef = 24CF7F892143EEDB007A5C6C /* VRMKitTests.swift */; };
		24CF7F8C2143EEDB007A5C6C /* VRMKit.h in Headers */ = {isa = PBXBuildFile; fileRef = 24CF7F7E2143EEDB007A5C6C /* VRMKit.h */; settings = {ATTRIBUTES = (Public, ); }; };
		24CF7F972143F0A8007A5C6C /* Extensions.swift in Sources */ = {isa = PBXBuildFile; fileRef = 24CF7F962143F0A8007A5C6C /* Extensions.swift */; };
		24CF7F992143F496007A5C6C /* ExtensionsTests.swift in Sources */ = {isa = PBXBuildFile; fileRef = 24CF7F982143F496007A5C6C /* ExtensionsTests.swift */; };
		24CF7F9B21440488007A5C6C /* Color4.swift in Sources */ = {isa = PBXBuildFile; fileRef = 24CF7F9A21440488007A5C6C /* Color4.swift */; };
		24CF7F9D2144055A007A5C6C /* Color4Tests.swift in Sources */ = {isa = PBXBuildFile; fileRef = 24CF7F9C2144055A007A5C6C /* Color4Tests.swift */; };
		24CF7F9F2144088A007A5C6C /* GLTF.swift in Sources */ = {isa = PBXBuildFile; fileRef = 24CF7F9E2144088A007A5C6C /* GLTF.swift */; };
		24CF7FA121440D7E007A5C6C /* Vector3.swift in Sources */ = {isa = PBXBuildFile; fileRef = 24CF7FA021440D7E007A5C6C /* Vector3.swift */; };
		24CF7FA321440D9A007A5C6C /* Vector4.swift in Sources */ = {isa = PBXBuildFile; fileRef = 24CF7FA221440D9A007A5C6C /* Vector4.swift */; };
		24CF7FA5214410B4007A5C6C /* Matrix.swift in Sources */ = {isa = PBXBuildFile; fileRef = 24CF7FA4214410B4007A5C6C /* Matrix.swift */; };
		24CF7FA721441238007A5C6C /* Camera.swift in Sources */ = {isa = PBXBuildFile; fileRef = 24CF7FA621441238007A5C6C /* Camera.swift */; };
		24CF7FA921441253007A5C6C /* Image.swift in Sources */ = {isa = PBXBuildFile; fileRef = 24CF7FA821441253007A5C6C /* Image.swift */; };
		24CF7FAB21441276007A5C6C /* Scene.swift in Sources */ = {isa = PBXBuildFile; fileRef = 24CF7FAA21441276007A5C6C /* Scene.swift */; };
		24CF7FAD21441288007A5C6C /* Skin.swift in Sources */ = {isa = PBXBuildFile; fileRef = 24CF7FAC21441288007A5C6C /* Skin.swift */; };
		24CF7FAF2144129B007A5C6C /* Texture.swift in Sources */ = {isa = PBXBuildFile; fileRef = 24CF7FAE2144129B007A5C6C /* Texture.swift */; };
		24CF7FB1214412CD007A5C6C /* Node.swift in Sources */ = {isa = PBXBuildFile; fileRef = 24CF7FB0214412CD007A5C6C /* Node.swift */; };
		24CF7FB3214419B0007A5C6C /* Mesh.swift in Sources */ = {isa = PBXBuildFile; fileRef = 24CF7FB2214419B0007A5C6C /* Mesh.swift */; };
		24CF7FB621441B00007A5C6C /* CodableDictionary.swift in Sources */ = {isa = PBXBuildFile; fileRef = 24CF7FB521441B00007A5C6C /* CodableDictionary.swift */; };
		24CF7FB821441B89007A5C6C /* Material.swift in Sources */ = {isa = PBXBuildFile; fileRef = 24CF7FB721441B89007A5C6C /* Material.swift */; };
		24CF7FBA21441BCA007A5C6C /* TextureInfo.swift in Sources */ = {isa = PBXBuildFile; fileRef = 24CF7FB921441BCA007A5C6C /* TextureInfo.swift */; };
		24CF7FBC21441C64007A5C6C /* Color3.swift in Sources */ = {isa = PBXBuildFile; fileRef = 24CF7FBB21441C64007A5C6C /* Color3.swift */; };
		24CF7FBE21441D73007A5C6C /* BufferView.swift in Sources */ = {isa = PBXBuildFile; fileRef = 24CF7FBD21441D73007A5C6C /* BufferView.swift */; };
		24CF7FC021441D89007A5C6C /* Buffer.swift in Sources */ = {isa = PBXBuildFile; fileRef = 24CF7FBF21441D89007A5C6C /* Buffer.swift */; };
		24CF7FC221441DAE007A5C6C /* Asset.swift in Sources */ = {isa = PBXBuildFile; fileRef = 24CF7FC121441DAE007A5C6C /* Asset.swift */; };
		24CF7FC421441DCE007A5C6C /* Animation.swift in Sources */ = {isa = PBXBuildFile; fileRef = 24CF7FC321441DCE007A5C6C /* Animation.swift */; };
		24CF7FC621441DFD007A5C6C /* Accessor.swift in Sources */ = {isa = PBXBuildFile; fileRef = 24CF7FC521441DFD007A5C6C /* Accessor.swift */; };
		24CF7FC821441E6F007A5C6C /* Sampler.swift in Sources */ = {isa = PBXBuildFile; fileRef = 24CF7FC721441E6F007A5C6C /* Sampler.swift */; };
		24CF7FCA21441F6E007A5C6C /* BinaryGLTF.swift in Sources */ = {isa = PBXBuildFile; fileRef = 24CF7FC921441F6E007A5C6C /* BinaryGLTF.swift */; };
		24CF7FCC21441FD8007A5C6C /* GlobalFunction.swift in Sources */ = {isa = PBXBuildFile; fileRef = 24CF7FCB21441FD8007A5C6C /* GlobalFunction.swift */; };
		24CF7FCE21442010007A5C6C /* VRMError.swift in Sources */ = {isa = PBXBuildFile; fileRef = 24CF7FCD21442010007A5C6C /* VRMError.swift */; };
		24CF7FD0214420AA007A5C6C /* BinaryGLTFTests.swift in Sources */ = {isa = PBXBuildFile; fileRef = 24CF7FCF214420AA007A5C6C /* BinaryGLTFTests.swift */; };
		24CF7FD221442111007A5C6C /* AliciaSolid.vrm in Resources */ = {isa = PBXBuildFile; fileRef = 24CF7FD121442111007A5C6C /* AliciaSolid.vrm */; };
		24CF7FD521442444007A5C6C /* Resources.swift in Sources */ = {isa = PBXBuildFile; fileRef = 24CF7FD421442444007A5C6C /* Resources.swift */; };
		24CF7FD7214425AD007A5C6C /* VRM.swift in Sources */ = {isa = PBXBuildFile; fileRef = 24CF7FD6214425AD007A5C6C /* VRM.swift */; };
		24CF7FDB21442EE5007A5C6C /* DictionaryDecoder.swift in Sources */ = {isa = PBXBuildFile; fileRef = 24CF7FDA21442EE5007A5C6C /* DictionaryDecoder.swift */; };
		24CF7FDE2144300F007A5C6C /* Storage.swift in Sources */ = {isa = PBXBuildFile; fileRef = 24CF7FDD2144300F007A5C6C /* Storage.swift */; };
		24CF7FE02144306A007A5C6C /* InternalFunction.swift in Sources */ = {isa = PBXBuildFile; fileRef = 24CF7FDF2144306A007A5C6C /* InternalFunction.swift */; };
		24CF7FE221443087007A5C6C /* AnyCodingKey.swift in Sources */ = {isa = PBXBuildFile; fileRef = 24CF7FE121443087007A5C6C /* AnyCodingKey.swift */; };
/* End PBXBuildFile section */

/* Begin PBXContainerItemProxy section */
		24CF7F862143EEDB007A5C6C /* PBXContainerItemProxy */ = {
			isa = PBXContainerItemProxy;
			containerPortal = 24CF7F722143EEDB007A5C6C /* Project object */;
			proxyType = 1;
			remoteGlobalIDString = 24CF7F7A2143EEDB007A5C6C;
			remoteInfo = VRMKit;
		};
/* End PBXContainerItemProxy section */

/* Begin PBXFileReference section */
		24CF7F7B2143EEDB007A5C6C /* VRMKit.framework */ = {isa = PBXFileReference; explicitFileType = wrapper.framework; includeInIndex = 0; path = VRMKit.framework; sourceTree = BUILT_PRODUCTS_DIR; };
		24CF7F7E2143EEDB007A5C6C /* VRMKit.h */ = {isa = PBXFileReference; lastKnownFileType = sourcecode.c.h; path = VRMKit.h; sourceTree = "<group>"; };
		24CF7F7F2143EEDB007A5C6C /* Info.plist */ = {isa = PBXFileReference; lastKnownFileType = text.plist.xml; path = Info.plist; sourceTree = "<group>"; };
		24CF7F842143EEDB007A5C6C /* VRMKitTests.xctest */ = {isa = PBXFileReference; explicitFileType = wrapper.cfbundle; includeInIndex = 0; path = VRMKitTests.xctest; sourceTree = BUILT_PRODUCTS_DIR; };
		24CF7F892143EEDB007A5C6C /* VRMKitTests.swift */ = {isa = PBXFileReference; lastKnownFileType = sourcecode.swift; path = VRMKitTests.swift; sourceTree = "<group>"; };
		24CF7F8B2143EEDB007A5C6C /* Info.plist */ = {isa = PBXFileReference; lastKnownFileType = text.plist.xml; path = Info.plist; sourceTree = "<group>"; };
		24CF7F962143F0A8007A5C6C /* Extensions.swift */ = {isa = PBXFileReference; lastKnownFileType = sourcecode.swift; path = Extensions.swift; sourceTree = "<group>"; };
		24CF7F982143F496007A5C6C /* ExtensionsTests.swift */ = {isa = PBXFileReference; lastKnownFileType = sourcecode.swift; path = ExtensionsTests.swift; sourceTree = "<group>"; };
		24CF7F9A21440488007A5C6C /* Color4.swift */ = {isa = PBXFileReference; lastKnownFileType = sourcecode.swift; path = Color4.swift; sourceTree = "<group>"; };
		24CF7F9C2144055A007A5C6C /* Color4Tests.swift */ = {isa = PBXFileReference; lastKnownFileType = sourcecode.swift; path = Color4Tests.swift; sourceTree = "<group>"; };
		24CF7F9E2144088A007A5C6C /* GLTF.swift */ = {isa = PBXFileReference; lastKnownFileType = sourcecode.swift; path = GLTF.swift; sourceTree = "<group>"; };
		24CF7FA021440D7E007A5C6C /* Vector3.swift */ = {isa = PBXFileReference; lastKnownFileType = sourcecode.swift; path = Vector3.swift; sourceTree = "<group>"; };
		24CF7FA221440D9A007A5C6C /* Vector4.swift */ = {isa = PBXFileReference; lastKnownFileType = sourcecode.swift; path = Vector4.swift; sourceTree = "<group>"; };
		24CF7FA4214410B4007A5C6C /* Matrix.swift */ = {isa = PBXFileReference; lastKnownFileType = sourcecode.swift; path = Matrix.swift; sourceTree = "<group>"; };
		24CF7FA621441238007A5C6C /* Camera.swift */ = {isa = PBXFileReference; lastKnownFileType = sourcecode.swift; path = Camera.swift; sourceTree = "<group>"; };
		24CF7FA821441253007A5C6C /* Image.swift */ = {isa = PBXFileReference; lastKnownFileType = sourcecode.swift; path = Image.swift; sourceTree = "<group>"; };
		24CF7FAA21441276007A5C6C /* Scene.swift */ = {isa = PBXFileReference; lastKnownFileType = sourcecode.swift; path = Scene.swift; sourceTree = "<group>"; };
		24CF7FAC21441288007A5C6C /* Skin.swift */ = {isa = PBXFileReference; lastKnownFileType = sourcecode.swift; path = Skin.swift; sourceTree = "<group>"; };
		24CF7FAE2144129B007A5C6C /* Texture.swift */ = {isa = PBXFileReference; lastKnownFileType = sourcecode.swift; path = Texture.swift; sourceTree = "<group>"; };
		24CF7FB0214412CD007A5C6C /* Node.swift */ = {isa = PBXFileReference; lastKnownFileType = sourcecode.swift; path = Node.swift; sourceTree = "<group>"; };
		24CF7FB2214419B0007A5C6C /* Mesh.swift */ = {isa = PBXFileReference; lastKnownFileType = sourcecode.swift; path = Mesh.swift; sourceTree = "<group>"; };
		24CF7FB521441B00007A5C6C /* CodableDictionary.swift */ = {isa = PBXFileReference; lastKnownFileType = sourcecode.swift; path = CodableDictionary.swift; sourceTree = "<group>"; };
		24CF7FB721441B89007A5C6C /* Material.swift */ = {isa = PBXFileReference; lastKnownFileType = sourcecode.swift; path = Material.swift; sourceTree = "<group>"; };
		24CF7FB921441BCA007A5C6C /* TextureInfo.swift */ = {isa = PBXFileReference; lastKnownFileType = sourcecode.swift; path = TextureInfo.swift; sourceTree = "<group>"; };
		24CF7FBB21441C64007A5C6C /* Color3.swift */ = {isa = PBXFileReference; lastKnownFileType = sourcecode.swift; path = Color3.swift; sourceTree = "<group>"; };
		24CF7FBD21441D73007A5C6C /* BufferView.swift */ = {isa = PBXFileReference; lastKnownFileType = sourcecode.swift; path = BufferView.swift; sourceTree = "<group>"; };
		24CF7FBF21441D89007A5C6C /* Buffer.swift */ = {isa = PBXFileReference; lastKnownFileType = sourcecode.swift; path = Buffer.swift; sourceTree = "<group>"; };
		24CF7FC121441DAE007A5C6C /* Asset.swift */ = {isa = PBXFileReference; lastKnownFileType = sourcecode.swift; path = Asset.swift; sourceTree = "<group>"; };
		24CF7FC321441DCE007A5C6C /* Animation.swift */ = {isa = PBXFileReference; lastKnownFileType = sourcecode.swift; path = Animation.swift; sourceTree = "<group>"; };
		24CF7FC521441DFD007A5C6C /* Accessor.swift */ = {isa = PBXFileReference; lastKnownFileType = sourcecode.swift; path = Accessor.swift; sourceTree = "<group>"; };
		24CF7FC721441E6F007A5C6C /* Sampler.swift */ = {isa = PBXFileReference; lastKnownFileType = sourcecode.swift; path = Sampler.swift; sourceTree = "<group>"; };
		24CF7FC921441F6E007A5C6C /* BinaryGLTF.swift */ = {isa = PBXFileReference; lastKnownFileType = sourcecode.swift; path = BinaryGLTF.swift; sourceTree = "<group>"; };
		24CF7FCB21441FD8007A5C6C /* GlobalFunction.swift */ = {isa = PBXFileReference; lastKnownFileType = sourcecode.swift; path = GlobalFunction.swift; sourceTree = "<group>"; };
		24CF7FCD21442010007A5C6C /* VRMError.swift */ = {isa = PBXFileReference; lastKnownFileType = sourcecode.swift; path = VRMError.swift; sourceTree = "<group>"; };
		24CF7FCF214420AA007A5C6C /* BinaryGLTFTests.swift */ = {isa = PBXFileReference; lastKnownFileType = sourcecode.swift; path = BinaryGLTFTests.swift; sourceTree = "<group>"; };
		24CF7FD121442111007A5C6C /* AliciaSolid.vrm */ = {isa = PBXFileReference; lastKnownFileType = file; path = AliciaSolid.vrm; sourceTree = "<group>"; };
		24CF7FD421442444007A5C6C /* Resources.swift */ = {isa = PBXFileReference; lastKnownFileType = sourcecode.swift; path = Resources.swift; sourceTree = "<group>"; };
		24CF7FD6214425AD007A5C6C /* VRM.swift */ = {isa = PBXFileReference; lastKnownFileType = sourcecode.swift; path = VRM.swift; sourceTree = "<group>"; };
		24CF7FDA21442EE5007A5C6C /* DictionaryDecoder.swift */ = {isa = PBXFileReference; lastKnownFileType = sourcecode.swift; path = DictionaryDecoder.swift; sourceTree = "<group>"; };
		24CF7FDD2144300F007A5C6C /* Storage.swift */ = {isa = PBXFileReference; lastKnownFileType = sourcecode.swift; path = Storage.swift; sourceTree = "<group>"; };
		24CF7FDF2144306A007A5C6C /* InternalFunction.swift */ = {isa = PBXFileReference; lastKnownFileType = sourcecode.swift; path = InternalFunction.swift; sourceTree = "<group>"; };
		24CF7FE121443087007A5C6C /* AnyCodingKey.swift */ = {isa = PBXFileReference; lastKnownFileType = sourcecode.swift; path = AnyCodingKey.swift; sourceTree = "<group>"; };
/* End PBXFileReference section */

/* Begin PBXFrameworksBuildPhase section */
		24CF7F772143EEDB007A5C6C /* Frameworks */ = {
			isa = PBXFrameworksBuildPhase;
			buildActionMask = 2147483647;
			files = (
			);
			runOnlyForDeploymentPostprocessing = 0;
		};
		24CF7F812143EEDB007A5C6C /* Frameworks */ = {
			isa = PBXFrameworksBuildPhase;
			buildActionMask = 2147483647;
			files = (
				24CF7F852143EEDB007A5C6C /* VRMKit.framework in Frameworks */,
			);
			runOnlyForDeploymentPostprocessing = 0;
		};
/* End PBXFrameworksBuildPhase section */

/* Begin PBXGroup section */
		24CF7F712143EEDB007A5C6C = {
			isa = PBXGroup;
			children = (
				24CF7F7D2143EEDB007A5C6C /* Sources */,
				24CF7F882143EEDB007A5C6C /* Tests */,
				24CF7F7C2143EEDB007A5C6C /* Products */,
			);
			sourceTree = "<group>";
		};
		24CF7F7C2143EEDB007A5C6C /* Products */ = {
			isa = PBXGroup;
			children = (
				24CF7F7B2143EEDB007A5C6C /* VRMKit.framework */,
				24CF7F842143EEDB007A5C6C /* VRMKitTests.xctest */,
			);
			name = Products;
			sourceTree = "<group>";
		};
		24CF7F7D2143EEDB007A5C6C /* Sources */ = {
			isa = PBXGroup;
			children = (
				24CF7FC921441F6E007A5C6C /* BinaryGLTF.swift */,
				24CF7FD6214425AD007A5C6C /* VRM.swift */,
				24CF7FCD21442010007A5C6C /* VRMError.swift */,
				24CF7F952143F075007A5C6C /* VRM */,
				24CF7FB421441AED007A5C6C /* Extensions */,
				24CF7F7E2143EEDB007A5C6C /* VRMKit.h */,
				24CF7F7F2143EEDB007A5C6C /* Info.plist */,
			);
			path = Sources;
			sourceTree = "<group>";
		};
		24CF7F882143EEDB007A5C6C /* Tests */ = {
			isa = PBXGroup;
			children = (
				24CF7F8B2143EEDB007A5C6C /* Info.plist */,
				24CF7F982143F496007A5C6C /* ExtensionsTests.swift */,
				24CF7F9C2144055A007A5C6C /* Color4Tests.swift */,
				24CF7FCF214420AA007A5C6C /* BinaryGLTFTests.swift */,
				24CF7F892143EEDB007A5C6C /* VRMKitTests.swift */,
				24CF7FD421442444007A5C6C /* Resources.swift */,
				24CF7FD32144211F007A5C6C /* Resources */,
			);
			path = Tests;
			sourceTree = "<group>";
		};
		24CF7F952143F075007A5C6C /* VRM */ = {
			isa = PBXGroup;
			children = (
				24CF7F9E2144088A007A5C6C /* GLTF.swift */,
				24CF7F962143F0A8007A5C6C /* Extensions.swift */,
				24CF7FA021440D7E007A5C6C /* Vector3.swift */,
				24CF7FA221440D9A007A5C6C /* Vector4.swift */,
				24CF7FBB21441C64007A5C6C /* Color3.swift */,
				24CF7F9A21440488007A5C6C /* Color4.swift */,
				24CF7FA4214410B4007A5C6C /* Matrix.swift */,
				24CF7FA621441238007A5C6C /* Camera.swift */,
				24CF7FA821441253007A5C6C /* Image.swift */,
				24CF7FAA21441276007A5C6C /* Scene.swift */,
				24CF7FAC21441288007A5C6C /* Skin.swift */,
				24CF7FAE2144129B007A5C6C /* Texture.swift */,
				24CF7FB0214412CD007A5C6C /* Node.swift */,
				24CF7FB2214419B0007A5C6C /* Mesh.swift */,
				24CF7FB721441B89007A5C6C /* Material.swift */,
				24CF7FB921441BCA007A5C6C /* TextureInfo.swift */,
				24CF7FBF21441D89007A5C6C /* Buffer.swift */,
				24CF7FBD21441D73007A5C6C /* BufferView.swift */,
				24CF7FC121441DAE007A5C6C /* Asset.swift */,
				24CF7FC321441DCE007A5C6C /* Animation.swift */,
				24CF7FC521441DFD007A5C6C /* Accessor.swift */,
				24CF7FC721441E6F007A5C6C /* Sampler.swift */,
			);
			path = VRM;
			sourceTree = "<group>";
		};
		24CF7FB421441AED007A5C6C /* Extensions */ = {
			isa = PBXGroup;
			children = (
				24CF7FDC21442F14007A5C6C /* MoreCodable */,
				24CF7FCB21441FD8007A5C6C /* GlobalFunction.swift */,
				24CF7FB521441B00007A5C6C /* CodableDictionary.swift */,
			);
			path = Extensions;
			sourceTree = "<group>";
		};
		24CF7FD32144211F007A5C6C /* Resources */ = {
			isa = PBXGroup;
			children = (
				24CF7FD121442111007A5C6C /* AliciaSolid.vrm */,
			);
			path = Resources;
			sourceTree = "<group>";
		};
		24CF7FDC21442F14007A5C6C /* MoreCodable */ = {
			isa = PBXGroup;
			children = (
				24CF7FDA21442EE5007A5C6C /* DictionaryDecoder.swift */,
				24CF7FDD2144300F007A5C6C /* Storage.swift */,
				24CF7FDF2144306A007A5C6C /* InternalFunction.swift */,
				24CF7FE121443087007A5C6C /* AnyCodingKey.swift */,
			);
			path = MoreCodable;
			sourceTree = "<group>";
		};
/* End PBXGroup section */

/* Begin PBXHeadersBuildPhase section */
		24CF7F782143EEDB007A5C6C /* Headers */ = {
			isa = PBXHeadersBuildPhase;
			buildActionMask = 2147483647;
			files = (
				24CF7F8C2143EEDB007A5C6C /* VRMKit.h in Headers */,
			);
			runOnlyForDeploymentPostprocessing = 0;
		};
/* End PBXHeadersBuildPhase section */

/* Begin PBXNativeTarget section */
		24CF7F7A2143EEDB007A5C6C /* VRMKit */ = {
			isa = PBXNativeTarget;
			buildConfigurationList = 24CF7F8F2143EEDB007A5C6C /* Build configuration list for PBXNativeTarget "VRMKit" */;
			buildPhases = (
				24CF7F762143EEDB007A5C6C /* Sources */,
				24CF7F772143EEDB007A5C6C /* Frameworks */,
				24CF7F782143EEDB007A5C6C /* Headers */,
				24CF7F792143EEDB007A5C6C /* Resources */,
			);
			buildRules = (
			);
			dependencies = (
			);
			name = VRMKit;
			productName = VRMKit;
			productReference = 24CF7F7B2143EEDB007A5C6C /* VRMKit.framework */;
			productType = "com.apple.product-type.framework";
		};
		24CF7F832143EEDB007A5C6C /* VRMKitTests */ = {
			isa = PBXNativeTarget;
			buildConfigurationList = 24CF7F922143EEDB007A5C6C /* Build configuration list for PBXNativeTarget "VRMKitTests" */;
			buildPhases = (
				24CF7F802143EEDB007A5C6C /* Sources */,
				24CF7F812143EEDB007A5C6C /* Frameworks */,
				24CF7F822143EEDB007A5C6C /* Resources */,
			);
			buildRules = (
			);
			dependencies = (
				24CF7F872143EEDB007A5C6C /* PBXTargetDependency */,
			);
			name = VRMKitTests;
			productName = VRMKitTests;
			productReference = 24CF7F842143EEDB007A5C6C /* VRMKitTests.xctest */;
			productType = "com.apple.product-type.bundle.unit-test";
		};
/* End PBXNativeTarget section */

/* Begin PBXProject section */
		24CF7F722143EEDB007A5C6C /* Project object */ = {
			isa = PBXProject;
			attributes = {
				LastSwiftUpdateCheck = 0940;
				LastUpgradeCheck = 0940;
				ORGANIZATIONNAME = tattn;
				TargetAttributes = {
					24CF7F7A2143EEDB007A5C6C = {
						CreatedOnToolsVersion = 9.4.1;
						LastSwiftMigration = 0940;
					};
					24CF7F832143EEDB007A5C6C = {
						CreatedOnToolsVersion = 9.4.1;
					};
				};
			};
			buildConfigurationList = 24CF7F752143EEDB007A5C6C /* Build configuration list for PBXProject "VRMKit" */;
			compatibilityVersion = "Xcode 9.3";
			developmentRegion = en;
			hasScannedForEncodings = 0;
			knownRegions = (
				en,
			);
			mainGroup = 24CF7F712143EEDB007A5C6C;
			productRefGroup = 24CF7F7C2143EEDB007A5C6C /* Products */;
			projectDirPath = "";
			projectRoot = "";
			targets = (
				24CF7F7A2143EEDB007A5C6C /* VRMKit */,
				24CF7F832143EEDB007A5C6C /* VRMKitTests */,
			);
		};
/* End PBXProject section */

/* Begin PBXResourcesBuildPhase section */
		24CF7F792143EEDB007A5C6C /* Resources */ = {
			isa = PBXResourcesBuildPhase;
			buildActionMask = 2147483647;
			files = (
			);
			runOnlyForDeploymentPostprocessing = 0;
		};
		24CF7F822143EEDB007A5C6C /* Resources */ = {
			isa = PBXResourcesBuildPhase;
			buildActionMask = 2147483647;
			files = (
				24CF7FD221442111007A5C6C /* AliciaSolid.vrm in Resources */,
			);
			runOnlyForDeploymentPostprocessing = 0;
		};
/* End PBXResourcesBuildPhase section */

/* Begin PBXSourcesBuildPhase section */
		24CF7F762143EEDB007A5C6C /* Sources */ = {
			isa = PBXSourcesBuildPhase;
			buildActionMask = 2147483647;
			files = (
				24CF7F9B21440488007A5C6C /* Color4.swift in Sources */,
				24CF7FB3214419B0007A5C6C /* Mesh.swift in Sources */,
				24CF7FD7214425AD007A5C6C /* VRM.swift in Sources */,
				24CF7FC221441DAE007A5C6C /* Asset.swift in Sources */,
				24CF7FA921441253007A5C6C /* Image.swift in Sources */,
				24CF7FBC21441C64007A5C6C /* Color3.swift in Sources */,
				24CF7FCA21441F6E007A5C6C /* BinaryGLTF.swift in Sources */,
				24CF7FC021441D89007A5C6C /* Buffer.swift in Sources */,
				24CF7FE02144306A007A5C6C /* InternalFunction.swift in Sources */,
				24CF7FC621441DFD007A5C6C /* Accessor.swift in Sources */,
				24CF7F9F2144088A007A5C6C /* GLTF.swift in Sources */,
				24CF7FB1214412CD007A5C6C /* Node.swift in Sources */,
				24CF7FA5214410B4007A5C6C /* Matrix.swift in Sources */,
				24CF7FAD21441288007A5C6C /* Skin.swift in Sources */,
				24CF7FBE21441D73007A5C6C /* BufferView.swift in Sources */,
				24CF7FDB21442EE5007A5C6C /* DictionaryDecoder.swift in Sources */,
				24CF7FCC21441FD8007A5C6C /* GlobalFunction.swift in Sources */,
				24CF7FA121440D7E007A5C6C /* Vector3.swift in Sources */,
				24CF7FAF2144129B007A5C6C /* Texture.swift in Sources */,
				24CF7FBA21441BCA007A5C6C /* TextureInfo.swift in Sources */,
				24CF7FA321440D9A007A5C6C /* Vector4.swift in Sources */,
				24CF7FB821441B89007A5C6C /* Material.swift in Sources */,
				24CF7FB621441B00007A5C6C /* CodableDictionary.swift in Sources */,
				24CF7FA721441238007A5C6C /* Camera.swift in Sources */,
				24CF7F972143F0A8007A5C6C /* Extensions.swift in Sources */,
				24CF7FCE21442010007A5C6C /* VRMError.swift in Sources */,
				24CF7FC421441DCE007A5C6C /* Animation.swift in Sources */,
				24CF7FC821441E6F007A5C6C /* Sampler.swift in Sources */,
				24CF7FDE2144300F007A5C6C /* Storage.swift in Sources */,
				24CF7FAB21441276007A5C6C /* Scene.swift in Sources */,
				24CF7FE221443087007A5C6C /* AnyCodingKey.swift in Sources */,
			);
			runOnlyForDeploymentPostprocessing = 0;
		};
		24CF7F802143EEDB007A5C6C /* Sources */ = {
			isa = PBXSourcesBuildPhase;
			buildActionMask = 2147483647;
			files = (
				24CF7FD521442444007A5C6C /* Resources.swift in Sources */,
				24CF7F8A2143EEDB007A5C6C /* VRMKitTests.swift in Sources */,
				24CF7FD0214420AA007A5C6C /* BinaryGLTFTests.swift in Sources */,
				24CF7F992143F496007A5C6C /* ExtensionsTests.swift in Sources */,
				24CF7F9D2144055A007A5C6C /* Color4Tests.swift in Sources */,
			);
			runOnlyForDeploymentPostprocessing = 0;
		};
/* End PBXSourcesBuildPhase section */

/* Begin PBXTargetDependency section */
		24CF7F872143EEDB007A5C6C /* PBXTargetDependency */ = {
			isa = PBXTargetDependency;
			target = 24CF7F7A2143EEDB007A5C6C /* VRMKit */;
			targetProxy = 24CF7F862143EEDB007A5C6C /* PBXContainerItemProxy */;
		};
/* End PBXTargetDependency section */

/* Begin XCBuildConfiguration section */
		24CF7F8D2143EEDB007A5C6C /* Debug */ = {
			isa = XCBuildConfiguration;
			buildSettings = {
				ALWAYS_SEARCH_USER_PATHS = NO;
				CLANG_ANALYZER_NONNULL = YES;
				CLANG_ANALYZER_NUMBER_OBJECT_CONVERSION = YES_AGGRESSIVE;
				CLANG_CXX_LANGUAGE_STANDARD = "gnu++14";
				CLANG_CXX_LIBRARY = "libc++";
				CLANG_ENABLE_MODULES = YES;
				CLANG_ENABLE_OBJC_ARC = YES;
				CLANG_ENABLE_OBJC_WEAK = YES;
				CLANG_WARN_BLOCK_CAPTURE_AUTORELEASING = YES;
				CLANG_WARN_BOOL_CONVERSION = YES;
				CLANG_WARN_COMMA = YES;
				CLANG_WARN_CONSTANT_CONVERSION = YES;
				CLANG_WARN_DEPRECATED_OBJC_IMPLEMENTATIONS = YES;
				CLANG_WARN_DIRECT_OBJC_ISA_USAGE = YES_ERROR;
				CLANG_WARN_DOCUMENTATION_COMMENTS = YES;
				CLANG_WARN_EMPTY_BODY = YES;
				CLANG_WARN_ENUM_CONVERSION = YES;
				CLANG_WARN_INFINITE_RECURSION = YES;
				CLANG_WARN_INT_CONVERSION = YES;
				CLANG_WARN_NON_LITERAL_NULL_CONVERSION = YES;
				CLANG_WARN_OBJC_IMPLICIT_RETAIN_SELF = YES;
				CLANG_WARN_OBJC_LITERAL_CONVERSION = YES;
				CLANG_WARN_OBJC_ROOT_CLASS = YES_ERROR;
				CLANG_WARN_RANGE_LOOP_ANALYSIS = YES;
				CLANG_WARN_STRICT_PROTOTYPES = YES;
				CLANG_WARN_SUSPICIOUS_MOVE = YES;
				CLANG_WARN_UNGUARDED_AVAILABILITY = YES_AGGRESSIVE;
				CLANG_WARN_UNREACHABLE_CODE = YES;
				CLANG_WARN__DUPLICATE_METHOD_MATCH = YES;
				CODE_SIGN_IDENTITY = "iPhone Developer";
				COPY_PHASE_STRIP = NO;
				CURRENT_PROJECT_VERSION = 1;
				DEBUG_INFORMATION_FORMAT = dwarf;
				ENABLE_STRICT_OBJC_MSGSEND = YES;
				ENABLE_TESTABILITY = YES;
				GCC_C_LANGUAGE_STANDARD = gnu11;
				GCC_DYNAMIC_NO_PIC = NO;
				GCC_NO_COMMON_BLOCKS = YES;
				GCC_OPTIMIZATION_LEVEL = 0;
				GCC_PREPROCESSOR_DEFINITIONS = (
					"DEBUG=1",
					"$(inherited)",
				);
				GCC_WARN_64_TO_32_BIT_CONVERSION = YES;
				GCC_WARN_ABOUT_RETURN_TYPE = YES_ERROR;
				GCC_WARN_UNDECLARED_SELECTOR = YES;
				GCC_WARN_UNINITIALIZED_AUTOS = YES_AGGRESSIVE;
				GCC_WARN_UNUSED_FUNCTION = YES;
				GCC_WARN_UNUSED_VARIABLE = YES;
				IPHONEOS_DEPLOYMENT_TARGET = 11.4;
				MTL_ENABLE_DEBUG_INFO = YES;
				ONLY_ACTIVE_ARCH = YES;
				SDKROOT = iphoneos;
				SWIFT_ACTIVE_COMPILATION_CONDITIONS = DEBUG;
				SWIFT_OPTIMIZATION_LEVEL = "-Onone";
				VERSIONING_SYSTEM = "apple-generic";
				VERSION_INFO_PREFIX = "";
			};
			name = Debug;
		};
		24CF7F8E2143EEDB007A5C6C /* Release */ = {
			isa = XCBuildConfiguration;
			buildSettings = {
				ALWAYS_SEARCH_USER_PATHS = NO;
				CLANG_ANALYZER_NONNULL = YES;
				CLANG_ANALYZER_NUMBER_OBJECT_CONVERSION = YES_AGGRESSIVE;
				CLANG_CXX_LANGUAGE_STANDARD = "gnu++14";
				CLANG_CXX_LIBRARY = "libc++";
				CLANG_ENABLE_MODULES = YES;
				CLANG_ENABLE_OBJC_ARC = YES;
				CLANG_ENABLE_OBJC_WEAK = YES;
				CLANG_WARN_BLOCK_CAPTURE_AUTORELEASING = YES;
				CLANG_WARN_BOOL_CONVERSION = YES;
				CLANG_WARN_COMMA = YES;
				CLANG_WARN_CONSTANT_CONVERSION = YES;
				CLANG_WARN_DEPRECATED_OBJC_IMPLEMENTATIONS = YES;
				CLANG_WARN_DIRECT_OBJC_ISA_USAGE = YES_ERROR;
				CLANG_WARN_DOCUMENTATION_COMMENTS = YES;
				CLANG_WARN_EMPTY_BODY = YES;
				CLANG_WARN_ENUM_CONVERSION = YES;
				CLANG_WARN_INFINITE_RECURSION = YES;
				CLANG_WARN_INT_CONVERSION = YES;
				CLANG_WARN_NON_LITERAL_NULL_CONVERSION = YES;
				CLANG_WARN_OBJC_IMPLICIT_RETAIN_SELF = YES;
				CLANG_WARN_OBJC_LITERAL_CONVERSION = YES;
				CLANG_WARN_OBJC_ROOT_CLASS = YES_ERROR;
				CLANG_WARN_RANGE_LOOP_ANALYSIS = YES;
				CLANG_WARN_STRICT_PROTOTYPES = YES;
				CLANG_WARN_SUSPICIOUS_MOVE = YES;
				CLANG_WARN_UNGUARDED_AVAILABILITY = YES_AGGRESSIVE;
				CLANG_WARN_UNREACHABLE_CODE = YES;
				CLANG_WARN__DUPLICATE_METHOD_MATCH = YES;
				CODE_SIGN_IDENTITY = "iPhone Developer";
				COPY_PHASE_STRIP = NO;
				CURRENT_PROJECT_VERSION = 1;
				DEBUG_INFORMATION_FORMAT = "dwarf-with-dsym";
				ENABLE_NS_ASSERTIONS = NO;
				ENABLE_STRICT_OBJC_MSGSEND = YES;
				GCC_C_LANGUAGE_STANDARD = gnu11;
				GCC_NO_COMMON_BLOCKS = YES;
				GCC_WARN_64_TO_32_BIT_CONVERSION = YES;
				GCC_WARN_ABOUT_RETURN_TYPE = YES_ERROR;
				GCC_WARN_UNDECLARED_SELECTOR = YES;
				GCC_WARN_UNINITIALIZED_AUTOS = YES_AGGRESSIVE;
				GCC_WARN_UNUSED_FUNCTION = YES;
				GCC_WARN_UNUSED_VARIABLE = YES;
				IPHONEOS_DEPLOYMENT_TARGET = 11.4;
				MTL_ENABLE_DEBUG_INFO = NO;
				SDKROOT = iphoneos;
				SWIFT_COMPILATION_MODE = wholemodule;
				SWIFT_OPTIMIZATION_LEVEL = "-O";
				VALIDATE_PRODUCT = YES;
				VERSIONING_SYSTEM = "apple-generic";
				VERSION_INFO_PREFIX = "";
			};
			name = Release;
		};
		24CF7F902143EEDB007A5C6C /* Debug */ = {
			isa = XCBuildConfiguration;
			buildSettings = {
				CLANG_ENABLE_MODULES = YES;
				CODE_SIGN_IDENTITY = "";
				CODE_SIGN_STYLE = Automatic;
				DEFINES_MODULE = YES;
				DYLIB_COMPATIBILITY_VERSION = 1;
				DYLIB_CURRENT_VERSION = 1;
				DYLIB_INSTALL_NAME_BASE = "@rpath";
				INFOPLIST_FILE = Sources/Info.plist;
				INSTALL_PATH = "$(LOCAL_LIBRARY_DIR)/Frameworks";
				LD_RUNPATH_SEARCH_PATHS = (
					"$(inherited)",
					"@executable_path/Frameworks",
					"@loader_path/Frameworks",
				);
				PRODUCT_BUNDLE_IDENTIFIER = com.github.tattn.VRMKit;
				PRODUCT_NAME = "$(TARGET_NAME:c99extidentifier)";
				SKIP_INSTALL = YES;
				SWIFT_OPTIMIZATION_LEVEL = "-Onone";
				SWIFT_VERSION = 4.0;
				TARGETED_DEVICE_FAMILY = "1,2";
			};
			name = Debug;
		};
		24CF7F912143EEDB007A5C6C /* Release */ = {
			isa = XCBuildConfiguration;
			buildSettings = {
				CLANG_ENABLE_MODULES = YES;
				CODE_SIGN_IDENTITY = "";
				CODE_SIGN_STYLE = Automatic;
				DEFINES_MODULE = YES;
				DYLIB_COMPATIBILITY_VERSION = 1;
				DYLIB_CURRENT_VERSION = 1;
				DYLIB_INSTALL_NAME_BASE = "@rpath";
				INFOPLIST_FILE = Sources/Info.plist;
				INSTALL_PATH = "$(LOCAL_LIBRARY_DIR)/Frameworks";
				LD_RUNPATH_SEARCH_PATHS = (
					"$(inherited)",
					"@executable_path/Frameworks",
					"@loader_path/Frameworks",
				);
				PRODUCT_BUNDLE_IDENTIFIER = com.github.tattn.VRMKit;
				PRODUCT_NAME = "$(TARGET_NAME:c99extidentifier)";
				SKIP_INSTALL = YES;
				SWIFT_VERSION = 4.0;
				TARGETED_DEVICE_FAMILY = "1,2";
			};
			name = Release;
		};
		24CF7F932143EEDB007A5C6C /* Debug */ = {
			isa = XCBuildConfiguration;
			buildSettings = {
				ALWAYS_EMBED_SWIFT_STANDARD_LIBRARIES = YES;
				CODE_SIGN_STYLE = Automatic;
				INFOPLIST_FILE = Tests/Info.plist;
				LD_RUNPATH_SEARCH_PATHS = (
					"$(inherited)",
					"@executable_path/Frameworks",
					"@loader_path/Frameworks",
				);
				PRODUCT_BUNDLE_IDENTIFIER = com.github.tattn.VRMKitTests;
				PRODUCT_NAME = "$(TARGET_NAME)";
				SWIFT_VERSION = 4.0;
				TARGETED_DEVICE_FAMILY = "1,2";
			};
			name = Debug;
		};
		24CF7F942143EEDB007A5C6C /* Release */ = {
			isa = XCBuildConfiguration;
			buildSettings = {
				ALWAYS_EMBED_SWIFT_STANDARD_LIBRARIES = YES;
				CODE_SIGN_STYLE = Automatic;
				INFOPLIST_FILE = Tests/Info.plist;
				LD_RUNPATH_SEARCH_PATHS = (
					"$(inherited)",
					"@executable_path/Frameworks",
					"@loader_path/Frameworks",
				);
				PRODUCT_BUNDLE_IDENTIFIER = com.github.tattn.VRMKitTests;
				PRODUCT_NAME = "$(TARGET_NAME)";
				SWIFT_VERSION = 4.0;
				TARGETED_DEVICE_FAMILY = "1,2";
			};
			name = Release;
		};
/* End XCBuildConfiguration section */

/* Begin XCConfigurationList section */
		24CF7F752143EEDB007A5C6C /* Build configuration list for PBXProject "VRMKit" */ = {
			isa = XCConfigurationList;
			buildConfigurations = (
				24CF7F8D2143EEDB007A5C6C /* Debug */,
				24CF7F8E2143EEDB007A5C6C /* Release */,
			);
			defaultConfigurationIsVisible = 0;
			defaultConfigurationName = Release;
		};
		24CF7F8F2143EEDB007A5C6C /* Build configuration list for PBXNativeTarget "VRMKit" */ = {
			isa = XCConfigurationList;
			buildConfigurations = (
				24CF7F902143EEDB007A5C6C /* Debug */,
				24CF7F912143EEDB007A5C6C /* Release */,
			);
			defaultConfigurationIsVisible = 0;
			defaultConfigurationName = Release;
		};
		24CF7F922143EEDB007A5C6C /* Build configuration list for PBXNativeTarget "VRMKitTests" */ = {
			isa = XCConfigurationList;
			buildConfigurations = (
				24CF7F932143EEDB007A5C6C /* Debug */,
				24CF7F942143EEDB007A5C6C /* Release */,
			);
			defaultConfigurationIsVisible = 0;
			defaultConfigurationName = Release;
		};
/* End XCConfigurationList section */
	};
	rootObject = 24CF7F722143EEDB007A5C6C /* Project object */;
}
