{
  "name": "vrmkit-three-vrm-capture",
  "version": "1.0.0",
  "lockfileVersion": 3,
  "requires": true,
  "packages": {
    "": {
      "name": "vrmkit-three-vrm-capture",
      "version": "1.0.0",
      "dependencies": {
        "@pixiv/three-vrm": "3.5.5",
        "three": "0.180.0"
      }
    },
    "node_modules/@pixiv/three-vrm": {
      "version": "3.5.5",
      "resolved": "https://registry.npmjs.org/@pixiv/three-vrm/-/three-vrm-3.5.5.tgz",
      "integrity": "sha512-RPXy7jYAXs704NIpZlosB0U2ENu21G9DrqGWdQgRe8dShaCo1ugpj+6BVPRCy91nt+MPMA96j5rbsSzEl0HlQA==",
      "license": "MIT",
      "dependencies": {
        "@pixiv/three-vrm-core": "3.5.5",
        "@pixiv/three-vrm-materials-hdr-emissive-multiplier": "3.5.5",
        "@pixiv/three-vrm-materials-mtoon": "3.5.5",
        "@pixiv/three-vrm-materials-v0compat": "3.5.5",
        "@pixiv/three-vrm-node-constraint": "3.5.5",
        "@pixiv/three-vrm-springbone": "3.5.5"
      },
      "peerDependencies": {
        "three": ">=0.137"
      }
    },
    "node_modules/@pixiv/three-vrm-core": {
      "version": "3.5.5",
      "resolved": "https://registry.npmjs.org/@pixiv/three-vrm-core/-/three-vrm-core-3.5.5.tgz",
      "integrity": "sha512-jjaXZbMVRsk2HAGVxqDLmSJyGOJqbMcJpuTHR1TY/TN1FxiKdAzSqdr/ZUcczYipNf8IL9vDT9NX2XmWj+ybRQ==",
      "license": "MIT",
      "dependencies": {
        "@pixiv/types-vrm-0.0": "3.5.5",
        "@pixiv/types-vrmc-vrm-1.0": "3.5.5"
      },
      "peerDependencies": {
        "three": ">=0.137"
      }
    },
    "node_modules/@pixiv/three-vrm-materials-hdr-emissive-multiplier": {
      "version": "3.5.5",
      "resolved": "https://registry.npmjs.org/@pixiv/three-vrm-materials-hdr-emissive-multiplier/-/three-vrm-materials-hdr-emissive-multiplier-3.5.5.tgz",
      "integrity": "sha512-XnHEqpY4ctYMucpeRcptdphOe0RrW7V5fUvojasD8Ja4MTjjrjCNFxsAvp3+HBkPZbkTM2sDCjJBJNzxN1scrA==",
      "license": "MIT",
      "dependencies": {
        "@pixiv/types-vrmc-materials-hdr-emissive-multiplier-1.0": "3.5.5"
      },
      "peerDependencies": {
        "three": ">=0.137"
      }
    },
    "node_modules/@pixiv/three-vrm-materials-mtoon": {
      "version": "3.5.5",
      "resolved": "https://registry.npmjs.org/@pixiv/three-vrm-materials-mtoon/-/three-vrm-materials-mtoon-3.5.5.tgz",
      "integrity": "sha512-7lThHf4OKBOsVenD+R6L6HffNUlKO3Twnhr3+z77MnUsSzsOanjVKJtjSIly9QJ6hgl8YJmI6RnxCKqXcpplog==",
      "license": "MIT",
      "dependencies": {
        "@pixiv/types-vrm-0.0": "3.5.5",
        "@pixiv/types-vrmc-materials-mtoon-1.0": "3.5.5"
      },
      "peerDependencies": {
        "three": ">=0.137"
      }
    },
    "node_modules/@pixiv/three-vrm-materials-v0compat": {
      "version": "3.5.5",
      "resolved": "https://registry.npmjs.org/@pixiv/three-vrm-materials-v0compat/-/three-vrm-materials-v0compat-3.5.5.tgz",
      "integrity": "sha512-NjsTK4P4qdcr+RoL2gEUNgF2CY/aplNvyHHxI99N7D6CxDZ2H93FQ9aIuLCABj5b+4CIvldWMCcnS7YuLIr3Lw==",
      "license": "MIT",
      "dependencies": {
        "@pixiv/types-vrm-0.0": "3.5.5",
        "@pixiv/types-vrmc-materials-mtoon-1.0": "3.5.5"
      },
      "peerDependencies": {
        "three": ">=0.137"
      }
    },
    "node_modules/@pixiv/three-vrm-node-constraint": {
      "version": "3.5.5",
      "resolved": "https://registry.npmjs.org/@pixiv/three-vrm-node-constraint/-/three-vrm-node-constraint-3.5.5.tgz",
      "integrity": "sha512-+ShEXioZ5Ctf0EZ5ZViZ4n0jhV/qtJRH0Juw8nRnMNODZXDSr+B3An2lrfRoMhowCzG63GiUG4lXWV9noMXosA==",
      "license": "MIT",
      "dependencies": {
        "@pixiv/types-vrmc-node-constraint-1.0": "3.5.5"
      },
      "peerDependencies": {
        "three": ">=0.137"
      }
    },
    "node_modules/@pixiv/three-vrm-springbone": {
      "version": "3.5.5",
      "resolved": "https://registry.npmjs.org/@pixiv/three-vrm-springbone/-/three-vrm-springbone-3.5.5.tgz",
      "integrity": "sha512-GWAWrIegGH/u1ZA+Es03Qzc2yafrQOrhtal9jzUIAgU8Wm2DYuqAABOY+du/9RpBRK8D4T8DBPvRGQqvfrQ/uA==",
      "license": "MIT",
      "dependencies": {
        "@pixiv/types-vrm-0.0": "3.5.5",
        "@pixiv/types-vrmc-springbone-1.0": "3.5.5",
        "@pixiv/types-vrmc-springbone-extended-collider-1.0": "3.5.5"
      },
      "peerDependencies": {
        "three": ">=0.137"
      }
    },
    "node_modules/@pixiv/types-vrm-0.0": {
      "version": "3.5.5",
      "resolved": "https://registry.npmjs.org/@pixiv/types-vrm-0.0/-/types-vrm-0.0-3.5.5.tgz",
      "integrity": "sha512-2S/0jswMjJTwL9ky8YzDR0CIaP6ZmE+HFuyW/0h+SA+awELf+J7WGgC8lTLM1MXzokO7Z2YVljU2F0fEhlKDIQ==",
      "license": "MIT"
    },
    "node_modules/@pixiv/types-vrmc-materials-hdr-emissive-multiplier-1.0": {
      "version": "3.5.5",
      "resolved": "https://registry.npmjs.org/@pixiv/types-vrmc-materials-hdr-emissive-multiplier-1.0/-/types-vrmc-materials-hdr-emissive-multiplier-1.0-3.5.5.tgz",
      "integrity": "sha512-IuHw9ehXt2bymqfdFV+f2cCXo8kvJUfh0Zuut8qmKXoEb7HVyLGIQyS4TcQHG5yY22UTWHI1Axo5tQv35lPTgQ==",
      "license": "MIT"
    },
    "node_modules/@pixiv/types-vrmc-materials-mtoon-1.0": {
      "version": "3.5.5",
      "resolved": "https://registry.npmjs.org/@pixiv/types-vrmc-materials-mtoon-1.0/-/types-vrmc-materials-mtoon-1.0-3.5.5.tgz",
      "integrity": "sha512-GFVuksAJVhrWTXYmI/ucNsE611/d8N6BoZrzhUAAINndt98loyzapW2+DJu+GsUBO5yxd+vLsL0FB16XD9+TGg==",
      "license": "MIT"
    },
    "node_modules/@pixiv/types-vrmc-node-constraint-1.0": {
      "version": "3.5.5",
      "resolved": "https://registry.npmjs.org/@pixiv/types-vrmc-node-constraint-1.0/-/types-vrmc-node-constraint-1.0-3.5.5.tgz",
      "integrity": "sha512-8EbJ1uzkn9yJQarCChmpG12+mc2c7PimHvQ8H6/tMh/hqp5NtJND0z2lR2KeVxw9A3M+TpF+xgImhLBxGjqwzQ==",
      "license": "MIT"
    },
    "node_modules/@pixiv/types-vrmc-springbone-1.0": {
      "version": "3.5.5",
      "resolved": "https://registry.npmjs.org/@pixiv/types-vrmc-springbone-1.0/-/types-vrmc-springbone-1.0-3.5.5.tgz",
      "integrity": "sha512-gRQ5Y7PaGiMefvOrJ3hvoSPqpA67jiwyhwh8ItjsPi3yri/Hn3CeXplW3Cbx3ZPbfu+C3Q2MCRa2TqAUOjeMRA==",
      "license": "MIT"
    },
    "node_modules/@pixiv/types-vrmc-springbone-extended-collider-1.0": {
      "version": "3.5.5",
      "resolved": "https://registry.npmjs.org/@pixiv/types-vrmc-springbone-extended-collider-1.0/-/types-vrmc-springbone-extended-collider-1.0-3.5.5.tgz",
      "integrity": "sha512-+6RxLaAvVguP7upjS/OT4viNPWvac1HBRQY1nmdvfYNQuCMdrMsCZqvy2af0Fcjnda4V9JbKFIpZDC0lrw1+uQ==",
      "license": "MIT"
    },
    "node_modules/@pixiv/types-vrmc-vrm-1.0": {
      "version": "3.5.5",
      "resolved": "https://registry.npmjs.org/@pixiv/types-vrmc-vrm-1.0/-/types-vrmc-vrm-1.0-3.5.5.tgz",
      "integrity": "sha512-WnemHHo2375BcBdumEhvrupZzsMSzTfdWlokmV9sUX2oC+OAQqJFfBjLF8ppkOhzHpl4MAPJqEfuhBJtNPm9ww==",
      "license": "MIT"
    },
    "node_modules/three": {
      "version": "0.180.0",
      "resolved": "https://registry.npmjs.org/three/-/three-0.180.0.tgz",
      "integrity": "sha512-o+qycAMZrh+TsE01GqWUxUIKR1AL0S8pq7zDkYOQw8GqfX8b8VoCKYUoHbhiX5j+7hr8XsuHDVU6+gkQJQKg9w==",
      "license": "MIT"
    }
  }
}
